
Microsoft Visual Studio Solution File, Format Version 12.00
# Visual Studio 15
VisualStudioVersion = 15.0.27428.2027
MinimumVisualStudioVersion = 10.0.40219.1
Project("{9A19103F-16F7-4668-BE54-9A1E7A4F7556}") = "FluiTec.AppFx.Identity", "Identity\FluiTec.AppFx.Identity\FluiTec.AppFx.Identity.csproj", "{4AFE1A52-EE09-423F-971B-F46767BDFF67}"
EndProject
Project("{9A19103F-16F7-4668-BE54-9A1E7A4F7556}") = "FluiTec.AppFx.Identity.Dapper", "Identity\FluiTec.AppFx.Identity.Dapper\FluiTec.AppFx.Identity.Dapper.csproj", "{4E2FD823-BCCD-4FD1-BF44-FA03C9C5E584}"
EndProject
Project("{FAE04EC0-301F-11D3-BF4B-00C04F79EFBC}") = "FluiTec.AppFx.Identity.Dapper.Migrations", "Identity\FluiTec.AppFx.Identity.Dapper.Migrations\FluiTec.AppFx.Identity.Dapper.Migrations.csproj", "{3B52EE18-6E35-47A2-83BD-EC87CE7B3072}"
EndProject
Project("{9A19103F-16F7-4668-BE54-9A1E7A4F7556}") = "FluiTec.AppFx.Identity.Dapper.Mssql", "Identity\FluiTec.AppFx.Identity.Dapper.Mssql\FluiTec.AppFx.Identity.Dapper.Mssql.csproj", "{D1A7AE3B-183E-4A22-A6EB-C4DB31F947C0}"
EndProject
Project("{9A19103F-16F7-4668-BE54-9A1E7A4F7556}") = "FluiTec.AppFx.Identity.Dapper.Mssql.Test", "Identity\FluiTec.AppFx.Identity.Dapper.Mssql.Test\FluiTec.AppFx.Identity.Dapper.Mssql.Test.csproj", "{68997B38-B0E3-46AA-90D2-C561935BAAD5}"
EndProject
Project("{9A19103F-16F7-4668-BE54-9A1E7A4F7556}") = "FluiTec.AppFx.UnitTesting.Helper", "FluiTec.AppFx.UnitTesting.Helper\FluiTec.AppFx.UnitTesting.Helper.csproj", "{E54F5BDE-4FAB-46A2-A256-3DF20014A086}"
EndProject
Project("{9A19103F-16F7-4668-BE54-9A1E7A4F7556}") = "FluiTec.AppFx.Identity.Test", "Identity\FluiTec.AppFx.Identity.Test\FluiTec.AppFx.Identity.Test.csproj", "{795C2D0E-E6CB-4C68-82B7-91BD8E159EC2}"
EndProject
Project("{9A19103F-16F7-4668-BE54-9A1E7A4F7556}") = "FluiTec.AppFx.Identity.Dapper.Mysql", "Identity\FluiTec.AppFx.Identity.Dapper.Mysql\FluiTec.AppFx.Identity.Dapper.Mysql.csproj", "{9AE30025-4CB3-4AE0-BB23-CE3140093221}"
EndProject
Project("{9A19103F-16F7-4668-BE54-9A1E7A4F7556}") = "FluiTec.AppFx.Identity.Dapper.Mysql.Test", "Identity\FluiTec.AppFx.Identity.Dapper.Mysql.Test\FluiTec.AppFx.Identity.Dapper.Mysql.Test.csproj", "{854F04D2-DD6E-4A55-8298-A40A42BE4F21}"
EndProject
Project("{9A19103F-16F7-4668-BE54-9A1E7A4F7556}") = "FluiTec.AppFx.Identity.Dapper.Pgsql", "Identity\FluiTec.AppFx.Identity.Dapper.Pgsql\FluiTec.AppFx.Identity.Dapper.Pgsql.csproj", "{E0CB74D5-9750-4A9D-9696-991B7B088F2C}"
EndProject
Project("{9A19103F-16F7-4668-BE54-9A1E7A4F7556}") = "FluiTec.AppFx.Identity.Dapper.Pgsql.Test", "Identity\FluiTec.AppFx.Identity.Dapper.Pgsql.Test\FluiTec.AppFx.Identity.Dapper.Pgsql.Test.csproj", "{B284B8D4-1F0E-4374-97A8-08C758E8D4F5}"
EndProject
Project("{9A19103F-16F7-4668-BE54-9A1E7A4F7556}") = "FluiTec.AppFx.Identity.Dynamic", "Identity\FluiTec.AppFx.Identity.Dynamic\FluiTec.AppFx.Identity.Dynamic.csproj", "{AE8FD861-C8C7-4161-9FF9-137A8BE8715E}"
EndProject
Project("{9A19103F-16F7-4668-BE54-9A1E7A4F7556}") = "FluiTec.AppFx.Identity.LiteDb", "Identity\FluiTec.AppFx.Identity.LiteDb\FluiTec.AppFx.Identity.LiteDb.csproj", "{496AFA0F-0934-423A-922D-1F8967F83DF4}"
EndProject
Project("{9A19103F-16F7-4668-BE54-9A1E7A4F7556}") = "FluiTec.AppFx.Identity.LiteDb.Test", "Identity\FluiTec.AppFx.Identity.LiteDb.Test\FluiTec.AppFx.Identity.LiteDb.Test.csproj", "{63DA55A3-9606-40F3-8509-AFD03C6881F6}"
EndProject
Project("{2150E333-8FDC-42A3-9474-1A3956D46DE8}") = "Data", "Data", "{054D99DF-37B9-4FBE-902B-8AA39F3A567B}"
EndProject
Project("{2150E333-8FDC-42A3-9474-1A3956D46DE8}") = "Mssql", "Mssql", "{1A8B0A02-5A7B-44C6-8414-F669D8F7A5C5}"
EndProject
Project("{2150E333-8FDC-42A3-9474-1A3956D46DE8}") = "Pgsql", "Pgsql", "{2FB45CB6-9478-403E-9AEE-4BF7F82702CF}"
EndProject
Project("{2150E333-8FDC-42A3-9474-1A3956D46DE8}") = "Mysql", "Mysql", "{CD4FF67C-FD36-43A3-A62D-06AD31638F58}"
EndProject
Project("{2150E333-8FDC-42A3-9474-1A3956D46DE8}") = "Litedb", "Litedb", "{A4D77040-9AA2-4081-893D-3BD142FA19EA}"
EndProject
Global
	GlobalSection(SolutionConfigurationPlatforms) = preSolution
		Debug|Any CPU = Debug|Any CPU
		Release|Any CPU = Release|Any CPU
	EndGlobalSection
	GlobalSection(ProjectConfigurationPlatforms) = postSolution
		{4AFE1A52-EE09-423F-971B-F46767BDFF67}.Debug|Any CPU.ActiveCfg = Debug|Any CPU
		{4AFE1A52-EE09-423F-971B-F46767BDFF67}.Debug|Any CPU.Build.0 = Debug|Any CPU
		{4AFE1A52-EE09-423F-971B-F46767BDFF67}.Release|Any CPU.ActiveCfg = Release|Any CPU
		{4AFE1A52-EE09-423F-971B-F46767BDFF67}.Release|Any CPU.Build.0 = Release|Any CPU
		{4E2FD823-BCCD-4FD1-BF44-FA03C9C5E584}.Debug|Any CPU.ActiveCfg = Debug|Any CPU
		{4E2FD823-BCCD-4FD1-BF44-FA03C9C5E584}.Debug|Any CPU.Build.0 = Debug|Any CPU
		{4E2FD823-BCCD-4FD1-BF44-FA03C9C5E584}.Release|Any CPU.ActiveCfg = Release|Any CPU
		{4E2FD823-BCCD-4FD1-BF44-FA03C9C5E584}.Release|Any CPU.Build.0 = Release|Any CPU
		{3B52EE18-6E35-47A2-83BD-EC87CE7B3072}.Debug|Any CPU.ActiveCfg = Debug|Any CPU
		{3B52EE18-6E35-47A2-83BD-EC87CE7B3072}.Debug|Any CPU.Build.0 = Debug|Any CPU
		{3B52EE18-6E35-47A2-83BD-EC87CE7B3072}.Release|Any CPU.ActiveCfg = Release|Any CPU
		{3B52EE18-6E35-47A2-83BD-EC87CE7B3072}.Release|Any CPU.Build.0 = Release|Any CPU
		{D1A7AE3B-183E-4A22-A6EB-C4DB31F947C0}.Debug|Any CPU.ActiveCfg = Debug|Any CPU
		{D1A7AE3B-183E-4A22-A6EB-C4DB31F947C0}.Debug|Any CPU.Build.0 = Debug|Any CPU
		{D1A7AE3B-183E-4A22-A6EB-C4DB31F947C0}.Release|Any CPU.ActiveCfg = Release|Any CPU
		{D1A7AE3B-183E-4A22-A6EB-C4DB31F947C0}.Release|Any CPU.Build.0 = Release|Any CPU
		{68997B38-B0E3-46AA-90D2-C561935BAAD5}.Debug|Any CPU.ActiveCfg = Debug|Any CPU
		{68997B38-B0E3-46AA-90D2-C561935BAAD5}.Debug|Any CPU.Build.0 = Debug|Any CPU
		{68997B38-B0E3-46AA-90D2-C561935BAAD5}.Release|Any CPU.ActiveCfg = Release|Any CPU
		{68997B38-B0E3-46AA-90D2-C561935BAAD5}.Release|Any CPU.Build.0 = Release|Any CPU
		{E54F5BDE-4FAB-46A2-A256-3DF20014A086}.Debug|Any CPU.ActiveCfg = Debug|Any CPU
		{E54F5BDE-4FAB-46A2-A256-3DF20014A086}.Debug|Any CPU.Build.0 = Debug|Any CPU
		{E54F5BDE-4FAB-46A2-A256-3DF20014A086}.Release|Any CPU.ActiveCfg = Release|Any CPU
		{E54F5BDE-4FAB-46A2-A256-3DF20014A086}.Release|Any CPU.Build.0 = Release|Any CPU
		{795C2D0E-E6CB-4C68-82B7-91BD8E159EC2}.Debug|Any CPU.ActiveCfg = Debug|Any CPU
		{795C2D0E-E6CB-4C68-82B7-91BD8E159EC2}.Debug|Any CPU.Build.0 = Debug|Any CPU
		{795C2D0E-E6CB-4C68-82B7-91BD8E159EC2}.Release|Any CPU.ActiveCfg = Release|Any CPU
		{795C2D0E-E6CB-4C68-82B7-91BD8E159EC2}.Release|Any CPU.Build.0 = Release|Any CPU
		{9AE30025-4CB3-4AE0-BB23-CE3140093221}.Debug|Any CPU.ActiveCfg = Debug|Any CPU
		{9AE30025-4CB3-4AE0-BB23-CE3140093221}.Debug|Any CPU.Build.0 = Debug|Any CPU
		{9AE30025-4CB3-4AE0-BB23-CE3140093221}.Release|Any CPU.ActiveCfg = Release|Any CPU
		{9AE30025-4CB3-4AE0-BB23-CE3140093221}.Release|Any CPU.Build.0 = Release|Any CPU
		{854F04D2-DD6E-4A55-8298-A40A42BE4F21}.Debug|Any CPU.ActiveCfg = Debug|Any CPU
		{854F04D2-DD6E-4A55-8298-A40A42BE4F21}.Debug|Any CPU.Build.0 = Debug|Any CPU
		{854F04D2-DD6E-4A55-8298-A40A42BE4F21}.Release|Any CPU.ActiveCfg = Release|Any CPU
		{854F04D2-DD6E-4A55-8298-A40A42BE4F21}.Release|Any CPU.Build.0 = Release|Any CPU
		{E0CB74D5-9750-4A9D-9696-991B7B088F2C}.Debug|Any CPU.ActiveCfg = Debug|Any CPU
		{E0CB74D5-9750-4A9D-9696-991B7B088F2C}.Debug|Any CPU.Build.0 = Debug|Any CPU
		{E0CB74D5-9750-4A9D-9696-991B7B088F2C}.Release|Any CPU.ActiveCfg = Release|Any CPU
		{E0CB74D5-9750-4A9D-9696-991B7B088F2C}.Release|Any CPU.Build.0 = Release|Any CPU
		{B284B8D4-1F0E-4374-97A8-08C758E8D4F5}.Debug|Any CPU.ActiveCfg = Debug|Any CPU
		{B284B8D4-1F0E-4374-97A8-08C758E8D4F5}.Debug|Any CPU.Build.0 = Debug|Any CPU
		{B284B8D4-1F0E-4374-97A8-08C758E8D4F5}.Release|Any CPU.ActiveCfg = Release|Any CPU
		{B284B8D4-1F0E-4374-97A8-08C758E8D4F5}.Release|Any CPU.Build.0 = Release|Any CPU
		{AE8FD861-C8C7-4161-9FF9-137A8BE8715E}.Debug|Any CPU.ActiveCfg = Debug|Any CPU
		{AE8FD861-C8C7-4161-9FF9-137A8BE8715E}.Debug|Any CPU.Build.0 = Debug|Any CPU
		{AE8FD861-C8C7-4161-9FF9-137A8BE8715E}.Release|Any CPU.ActiveCfg = Release|Any CPU
		{AE8FD861-C8C7-4161-9FF9-137A8BE8715E}.Release|Any CPU.Build.0 = Release|Any CPU
		{496AFA0F-0934-423A-922D-1F8967F83DF4}.Debug|Any CPU.ActiveCfg = Debug|Any CPU
		{496AFA0F-0934-423A-922D-1F8967F83DF4}.Debug|Any CPU.Build.0 = Debug|Any CPU
		{496AFA0F-0934-423A-922D-1F8967F83DF4}.Release|Any CPU.ActiveCfg = Release|Any CPU
		{496AFA0F-0934-423A-922D-1F8967F83DF4}.Release|Any CPU.Build.0 = Release|Any CPU
		{63DA55A3-9606-40F3-8509-AFD03C6881F6}.Debug|Any CPU.ActiveCfg = Debug|Any CPU
		{63DA55A3-9606-40F3-8509-AFD03C6881F6}.Debug|Any CPU.Build.0 = Debug|Any CPU
		{63DA55A3-9606-40F3-8509-AFD03C6881F6}.Release|Any CPU.ActiveCfg = Release|Any CPU
		{63DA55A3-9606-40F3-8509-AFD03C6881F6}.Release|Any CPU.Build.0 = Release|Any CPU
	EndGlobalSection
	GlobalSection(SolutionProperties) = preSolution
		HideSolutionNode = FALSE
	EndGlobalSection
	GlobalSection(NestedProjects) = preSolution
		{4E2FD823-BCCD-4FD1-BF44-FA03C9C5E584} = {054D99DF-37B9-4FBE-902B-8AA39F3A567B}
		{3B52EE18-6E35-47A2-83BD-EC87CE7B3072} = {054D99DF-37B9-4FBE-902B-8AA39F3A567B}
		{D1A7AE3B-183E-4A22-A6EB-C4DB31F947C0} = {1A8B0A02-5A7B-44C6-8414-F669D8F7A5C5}
		{68997B38-B0E3-46AA-90D2-C561935BAAD5} = {1A8B0A02-5A7B-44C6-8414-F669D8F7A5C5}
		{9AE30025-4CB3-4AE0-BB23-CE3140093221} = {CD4FF67C-FD36-43A3-A62D-06AD31638F58}
		{854F04D2-DD6E-4A55-8298-A40A42BE4F21} = {CD4FF67C-FD36-43A3-A62D-06AD31638F58}
		{E0CB74D5-9750-4A9D-9696-991B7B088F2C} = {2FB45CB6-9478-403E-9AEE-4BF7F82702CF}
		{B284B8D4-1F0E-4374-97A8-08C758E8D4F5} = {2FB45CB6-9478-403E-9AEE-4BF7F82702CF}
		{AE8FD861-C8C7-4161-9FF9-137A8BE8715E} = {054D99DF-37B9-4FBE-902B-8AA39F3A567B}
		{496AFA0F-0934-423A-922D-1F8967F83DF4} = {A4D77040-9AA2-4081-893D-3BD142FA19EA}
		{63DA55A3-9606-40F3-8509-AFD03C6881F6} = {A4D77040-9AA2-4081-893D-3BD142FA19EA}
		{1A8B0A02-5A7B-44C6-8414-F669D8F7A5C5} = {054D99DF-37B9-4FBE-902B-8AA39F3A567B}
		{2FB45CB6-9478-403E-9AEE-4BF7F82702CF} = {054D99DF-37B9-4FBE-902B-8AA39F3A567B}
		{CD4FF67C-FD36-43A3-A62D-06AD31638F58} = {054D99DF-37B9-4FBE-902B-8AA39F3A567B}
		{A4D77040-9AA2-4081-893D-3BD142FA19EA} = {054D99DF-37B9-4FBE-902B-8AA39F3A567B}
	EndGlobalSection
	GlobalSection(ExtensibilityGlobals) = postSolution
		SolutionGuid = {2D3ACC42-4180-44AF-B933-BF4C74936D32}
	EndGlobalSection
EndGlobal
