
Microsoft Visual Studio Solution File, Format Version 12.00
# Visual Studio 15
VisualStudioVersion = 15.0.27428.2027
MinimumVisualStudioVersion = 10.0.40219.1
Project("{9A19103F-16F7-4668-BE54-9A1E7A4F7556}") = "FluiTec.AppFx.Mail", "FluiTec.AppFx.Mail\FluiTec.AppFx.Mail.csproj", "{1C4209D6-B86C-4F3C-879B-E4F8AD63CC16}"
EndProject
Project("{FAE04EC0-301F-11D3-BF4B-00C04F79EFBC}") = "FluiTec.AppFx.Ssl", "FluiTec.AppFx.Ssl\FluiTec.AppFx.Ssl.csproj", "{2CF6A310-E339-4812-8BEA-53F44A492F78}"
EndProject
Project("{FAE04EC0-301F-11D3-BF4B-00C04F79EFBC}") = "FluiTec.AppFx.Upnp", "FluiTec.AppFx.Upnp\FluiTec.AppFx.Upnp.csproj", "{CC391009-4E81-4FE1-A59F-CDC4ABA8776E}"
EndProject
Global
	GlobalSection(SolutionConfigurationPlatforms) = preSolution
		Debug|Any CPU = Debug|Any CPU
		Release|Any CPU = Release|Any CPU
	EndGlobalSection
	GlobalSection(ProjectConfigurationPlatforms) = postSolution
		{1C4209D6-B86C-4F3C-879B-E4F8AD63CC16}.Debug|Any CPU.ActiveCfg = Debug|Any CPU
		{1C4209D6-B86C-4F3C-879B-E4F8AD63CC16}.Debug|Any CPU.Build.0 = Debug|Any CPU
		{1C4209D6-B86C-4F3C-879B-E4F8AD63CC16}.Release|Any CPU.ActiveCfg = Release|Any CPU
		{1C4209D6-B86C-4F3C-879B-E4F8AD63CC16}.Release|Any CPU.Build.0 = Release|Any CPU
		{2CF6A310-E339-4812-8BEA-53F44A492F78}.Debug|Any CPU.ActiveCfg = Debug|Any CPU
		{2CF6A310-E339-4812-8BEA-53F44A492F78}.Debug|Any CPU.Build.0 = Debug|Any CPU
		{2CF6A310-E339-4812-8BEA-53F44A492F78}.Release|Any CPU.ActiveCfg = Release|Any CPU
		{2CF6A310-E339-4812-8BEA-53F44A492F78}.Release|Any CPU.Build.0 = Release|Any CPU
		{CC391009-4E81-4FE1-A59F-CDC4ABA8776E}.Debug|Any CPU.ActiveCfg = Debug|Any CPU
		{CC391009-4E81-4FE1-A59F-CDC4ABA8776E}.Debug|Any CPU.Build.0 = Debug|Any CPU
		{CC391009-4E81-4FE1-A59F-CDC4ABA8776E}.Release|Any CPU.ActiveCfg = Release|Any CPU
		{CC391009-4E81-4FE1-A59F-CDC4ABA8776E}.Release|Any CPU.Build.0 = Release|Any CPU
	EndGlobalSection
	GlobalSection(SolutionProperties) = preSolution
		HideSolutionNode = FALSE
	EndGlobalSection
	GlobalSection(ExtensibilityGlobals) = postSolution
		SolutionGuid = {906B9EAF-34F6-4FF4-86CB-D596165C9D2A}
	EndGlobalSection
EndGlobal
