
Microsoft Visual Studio Solution File, Format Version 12.00
# Visual Studio 15
VisualStudioVersion = 15.0.27004.2002
MinimumVisualStudioVersion = 10.0.40219.1
Project("{9A19103F-16F7-4668-BE54-9A1E7A4F7556}") = "FluiTec.AppFx.Authentication.Amazon", "FluiTec.AppFx.Authentication.Amazon\FluiTec.AppFx.Authentication.Amazon.csproj", "{5C078D35-DFE0-4692-9DC7-37DE83FC7079}"
EndProject
Project("{FAE04EC0-301F-11D3-BF4B-00C04F79EFBC}") = "FluiTec.AppFx.Cli", "FluiTec.AppFx.Cli\FluiTec.AppFx.Cli.csproj", "{B43EDEBC-7B21-40BF-B642-EC099169A92B}"
EndProject
Project("{9A19103F-16F7-4668-BE54-9A1E7A4F7556}") = "FluiTec.AppFx.Cryptography", "FluiTec.AppFx.Cryptography\FluiTec.AppFx.Cryptography.csproj", "{A1580721-BB60-4ED6-901D-B4C8AC9FC3EB}"
EndProject
Project("{9A19103F-16F7-4668-BE54-9A1E7A4F7556}") = "FluiTec.AppFx.Cryptography.Test", "FluiTec.AppFx.Cryptography.Test\FluiTec.AppFx.Cryptography.Test.csproj", "{E8F4D7B7-C05C-4725-B7FB-8BBC1D02F08F}"
EndProject
Project("{9A19103F-16F7-4668-BE54-9A1E7A4F7556}") = "FluiTec.AppFx.Data", "FluiTec.AppFx.Data\FluiTec.AppFx.Data.csproj", "{BE254772-9650-4638-B60D-3327ADBEF0D3}"
EndProject
Project("{9A19103F-16F7-4668-BE54-9A1E7A4F7556}") = "FluiTec.AppFx.Data.Dapper", "FluiTec.AppFx.Data.Dapper\FluiTec.AppFx.Data.Dapper.csproj", "{44AEBEDB-2B61-49A7-9038-BD6A64358AF1}"
EndProject
Project("{9A19103F-16F7-4668-BE54-9A1E7A4F7556}") = "FluiTec.AppFx.Data.Dapper.Mssql", "FluiTec.AppFx.Data.Dapper.Mssql\FluiTec.AppFx.Data.Dapper.Mssql.csproj", "{626241A6-C388-4406-837A-33DF6E761DB2}"
EndProject
Project("{9A19103F-16F7-4668-BE54-9A1E7A4F7556}") = "FluiTec.AppFx.Data.Dapper.Mssql.Test", "FluiTec.AppFx.Data.Dapper.Mssql.Test\FluiTec.AppFx.Data.Dapper.Mssql.Test.csproj", "{A592AA24-CD13-4054-9A30-42CCBAC5E0B2}"
EndProject
Project("{9A19103F-16F7-4668-BE54-9A1E7A4F7556}") = "FluiTec.AppFx.Data.Dapper.Test", "FluiTec.AppFx.Data.Dapper.Test\FluiTec.AppFx.Data.Dapper.Test.csproj", "{54ABC380-F4E9-4AD4-B661-AF881E452ADC}"
EndProject
Project("{9A19103F-16F7-4668-BE54-9A1E7A4F7556}") = "FluiTec.AppFx.Data.LiteDb", "FluiTec.AppFx.Data.LiteDb\FluiTec.AppFx.Data.LiteDb.csproj", "{155FFE2A-BB02-413F-8D46-EDDE72628A90}"
EndProject
Project("{9A19103F-16F7-4668-BE54-9A1E7A4F7556}") = "FluiTec.AppFx.Data.LiteDb.Test", "FluiTec.AppFx.Data.LiteDb.Test\FluiTec.AppFx.Data.LiteDb.Test.csproj", "{57F9A562-7D5A-47AD-B6A9-91637E399D93}"
EndProject
Project("{9A19103F-16F7-4668-BE54-9A1E7A4F7556}") = "FluiTec.AppFx.Data.Test", "FluiTec.AppFx.Data.Test\FluiTec.AppFx.Data.Test.csproj", "{BEC92EDB-46EB-4AA8-9C46-83790773187B}"
EndProject
Project("{9A19103F-16F7-4668-BE54-9A1E7A4F7556}") = "FluiTec.AppFx.Identity", "FluiTec.AppFx.Identity\FluiTec.AppFx.Identity.csproj", "{76C7F620-0A58-43DA-8C8F-7327A2F8AE14}"
EndProject
Project("{9A19103F-16F7-4668-BE54-9A1E7A4F7556}") = "FluiTec.AppFx.Identity.Dapper", "FluiTec.AppFx.Identity.Dapper\FluiTec.AppFx.Identity.Dapper.csproj", "{9C734C45-3B17-4A6B-9EF1-44C6A1EB18CE}"
EndProject
Project("{9A19103F-16F7-4668-BE54-9A1E7A4F7556}") = "FluiTec.AppFx.Identity.Dapper.Mssql", "FluiTec.AppFx.Identity.Dapper.Mssql\FluiTec.AppFx.Identity.Dapper.Mssql.csproj", "{C1F5FB9F-96DD-4250-BC91-EDB921CE8B7C}"
EndProject
Project("{9A19103F-16F7-4668-BE54-9A1E7A4F7556}") = "FluiTec.AppFx.IdentityServer", "FluiTec.AppFx.IdentityServer\FluiTec.AppFx.IdentityServer.csproj", "{7F857B0F-B3FD-4F28-90AB-E1F103EF7B58}"
EndProject
Project("{9A19103F-16F7-4668-BE54-9A1E7A4F7556}") = "FluiTec.AppFx.IdentityServer.Dapper", "FluiTec.AppFx.IdentityServer.Dapper\FluiTec.AppFx.IdentityServer.Dapper.csproj", "{A171091C-FB44-4BCA-9241-0DD807D7265B}"
EndProject
Project("{9A19103F-16F7-4668-BE54-9A1E7A4F7556}") = "FluiTec.AppFx.IdentityServer.Dapper.Mssql", "FluiTec.AppFx.IdentityServer.Dapper.Mssql\FluiTec.AppFx.IdentityServer.Dapper.Mssql.csproj", "{48BD9376-FC49-4EF6-AA34-44F9DD10D636}"
EndProject
Project("{9A19103F-16F7-4668-BE54-9A1E7A4F7556}") = "FluiTec.AppFx.IdentityServer.Dapper.Mssql.Test", "FluiTec.AppFx.IdentityServer.Dapper.Mssql.Test\FluiTec.AppFx.IdentityServer.Dapper.Mssql.Test.csproj", "{FB8A678C-2480-4A02-9C44-829188A55778}"
EndProject
Project("{9A19103F-16F7-4668-BE54-9A1E7A4F7556}") = "FluiTec.AppFx.InversionOfControl", "FluiTec.AppFx.InversionOfControl\FluiTec.AppFx.InversionOfControl.csproj", "{1BB94D4E-C304-44DA-8BC7-73AB9ABB60E0}"
EndProject
Project("{9A19103F-16F7-4668-BE54-9A1E7A4F7556}") = "FluiTec.AppFx.InversionOfControl.SimpleIoC", "FluiTec.AppFx.InversionOfControl.SimpleIoC\FluiTec.AppFx.InversionOfControl.SimpleIoC.csproj", "{00CF8046-4950-4351-8C7E-33263B2D09E8}"
EndProject
Project("{9A19103F-16F7-4668-BE54-9A1E7A4F7556}") = "FluiTec.AppFx.Options", "FluiTec.AppFx.Options\FluiTec.AppFx.Options.csproj", "{C3773039-91B1-44BE-8690-B1700999FE05}"
EndProject
Project("{9A19103F-16F7-4668-BE54-9A1E7A4F7556}") = "FluiTec.AppFx.Reflection", "FluiTec.AppFx.Reflection\FluiTec.AppFx.Reflection.csproj", "{1505250C-4ECA-42B8-A66E-4D70DCBB6B06}"
EndProject
Project("{FAE04EC0-301F-11D3-BF4B-00C04F79EFBC}") = "FluiTec.AppFx.Upnp", "FluiTec.AppFx.Upnp\FluiTec.AppFx.Upnp.csproj", "{CC391009-4E81-4FE1-A59F-CDC4ABA8776E}"
EndProject
Project("{2150E333-8FDC-42A3-9474-1A3956D46DE8}") = "Authentication", "Authentication", "{51ED0D5C-4D72-4121-BF21-EF870A35FA08}"
EndProject
Project("{2150E333-8FDC-42A3-9474-1A3956D46DE8}") = "OpenId", "OpenId", "{EED4D72B-4A26-46F6-95CD-FD66D0677625}"
EndProject
Project("{2150E333-8FDC-42A3-9474-1A3956D46DE8}") = "Identity", "Identity", "{1AF2D652-F1F7-4C07-855C-89D46E7F3DD4}"
EndProject
Project("{2150E333-8FDC-42A3-9474-1A3956D46DE8}") = "IdentityServer", "IdentityServer", "{5845D5C4-5F47-406F-8812-115B0A33AC77}"
EndProject
Project("{2150E333-8FDC-42A3-9474-1A3956D46DE8}") = "Data", "Data", "{5BAE7134-8694-4D41-987C-2D9FCB6BADB6}"
EndProject
Project("{2150E333-8FDC-42A3-9474-1A3956D46DE8}") = "Dapper", "Dapper", "{B5CD1340-3032-49E1-9EB0-CE90B9D5664B}"
EndProject
Project("{2150E333-8FDC-42A3-9474-1A3956D46DE8}") = "Mssql", "Mssql", "{954223C0-0E41-483A-AAC0-13FF4EB8783E}"
EndProject
Project("{2150E333-8FDC-42A3-9474-1A3956D46DE8}") = "LiteDb", "LiteDb", "{08DE624C-45BF-479F-91D1-68340D166EA9}"
EndProject
Project("{2150E333-8FDC-42A3-9474-1A3956D46DE8}") = "Dapper", "Dapper", "{FFAF67E6-1D08-43E7-B15B-002231358EE4}"
EndProject
Project("{2150E333-8FDC-42A3-9474-1A3956D46DE8}") = "Mssql", "Mssql", "{6B00CD88-5021-4B02-80CC-A5F6DB23C202}"
EndProject
Project("{2150E333-8FDC-42A3-9474-1A3956D46DE8}") = "Dapper", "Dapper", "{31B4F33D-F68A-458F-8BE9-E97CA8C2A1C4}"
EndProject
Project("{2150E333-8FDC-42A3-9474-1A3956D46DE8}") = "Mssql", "Mssql", "{ACE90309-E7FC-4F84-AF5B-E8FD8E73F0FE}"
EndProject
Project("{2150E333-8FDC-42A3-9474-1A3956D46DE8}") = "CommandLine", "CommandLine", "{34D20E8C-84A7-4C54-9624-F5DE0EA0C4B7}"
EndProject
Project("{2150E333-8FDC-42A3-9474-1A3956D46DE8}") = "Cryptography", "Cryptography", "{D55E4F1D-33C8-4939-B8D9-2BB1987FBB74}"
EndProject
Project("{2150E333-8FDC-42A3-9474-1A3956D46DE8}") = "InversionOfControl", "InversionOfControl", "{E277276B-14C6-4E43-A785-6C6E0DBFE495}"
EndProject
Project("{2150E333-8FDC-42A3-9474-1A3956D46DE8}") = "Network", "Network", "{81C1EC44-A430-4261-AE7C-AA70040578BA}"
EndProject
Project("{2150E333-8FDC-42A3-9474-1A3956D46DE8}") = "AspNetCore", "AspNetCore", "{8E4A73CA-B6D6-454D-A160-EF4395DE4A28}"
EndProject
Project("{2150E333-8FDC-42A3-9474-1A3956D46DE8}") = "Helpers", "Helpers", "{7CE4B224-DF00-4CB1-8A55-755A9F990BC4}"
EndProject
Project("{2150E333-8FDC-42A3-9474-1A3956D46DE8}") = "Reflection", "Reflection", "{9A52B173-CB92-4F04-B882-40D293BCABA8}"
EndProject
Project("{2150E333-8FDC-42A3-9474-1A3956D46DE8}") = "Solution Items", "Solution Items", "{AB590E25-973A-4442-8C34-DD77559E722A}"
	ProjectSection(SolutionItems) = preProject
		Instructions.txt = Instructions.txt
	EndProjectSection
EndProject
Project("{FAE04EC0-301F-11D3-BF4B-00C04F79EFBC}") = "FluiTec.AppFx.Ssl", "FluiTec.AppFx.Ssl\FluiTec.AppFx.Ssl.csproj", "{2CF6A310-E339-4812-8BEA-53F44A492F78}"
EndProject
Project("{9A19103F-16F7-4668-BE54-9A1E7A4F7556}") = "FluiTec.AppFx.Mail", "FluiTec.AppFx.Mail\FluiTec.AppFx.Mail.csproj", "{BA63A951-B43F-4023-BAAB-798D5DEBC3D0}"
EndProject
Project("{2150E333-8FDC-42A3-9474-1A3956D46DE8}") = "Mysql", "Mysql", "{96DC05AA-D450-458D-91AA-1016B419964C}"
EndProject
Project("{9A19103F-16F7-4668-BE54-9A1E7A4F7556}") = "FluiTec.AppFx.Data.Dapper.Mysql", "FluiTec.AppFx.Data.Dapper.Mysql\FluiTec.AppFx.Data.Dapper.Mysql.csproj", "{E7A86934-82E8-4116-8100-5127497CB74A}"
EndProject
Project("{9A19103F-16F7-4668-BE54-9A1E7A4F7556}") = "FluiTec.AppFx.Data.Dapper.Mysql.Test", "FluiTec.AppFx.Data.Dapper.Mysql.Test\FluiTec.AppFx.Data.Dapper.Mysql.Test.csproj", "{13C486E5-0F91-47EA-B5A9-C17F7A4F15EF}"
EndProject
Project("{2150E333-8FDC-42A3-9474-1A3956D46DE8}") = "Pgsql", "Pgsql", "{2F688780-8D4E-4881-80D7-48EE402A2B8C}"
EndProject
Project("{9A19103F-16F7-4668-BE54-9A1E7A4F7556}") = "FluiTec.AppFx.Data.Dapper.Pgsql", "FluiTec.AppFx.Data.Dapper.Pgsql\FluiTec.AppFx.Data.Dapper.Pgsql.csproj", "{16B29815-D11C-4A5E-8680-F9DE9DAAC79D}"
EndProject
Project("{9A19103F-16F7-4668-BE54-9A1E7A4F7556}") = "FluiTec.AppFx.Data.Dapper.Pgsql.Test", "FluiTec.AppFx.Data.Dapper.Pgsql.Test\FluiTec.AppFx.Data.Dapper.Pgsql.Test.csproj", "{5E086B0F-6AB8-422F-BA9E-7F31BC37FE14}"
EndProject
Project("{2150E333-8FDC-42A3-9474-1A3956D46DE8}") = "Pgsql", "Pgsql", "{26229F05-A4EB-4F65-A5AC-FB4418DE50D5}"
EndProject
Project("{9A19103F-16F7-4668-BE54-9A1E7A4F7556}") = "FluiTec.AppFx.Identity.Dapper.Pgsql", "FluiTec.AppFx.Identity.Dapper.Pgsql\FluiTec.AppFx.Identity.Dapper.Pgsql.csproj", "{EF68F4D6-0DA1-406D-B664-206A58B1D694}"
EndProject
Project("{9A19103F-16F7-4668-BE54-9A1E7A4F7556}") = "FluiTec.AppFx.Identity.Dapper.Pgsql.Test", "FluiTec.AppFx.Identity.Dapper.Pgsql.Test\FluiTec.AppFx.Identity.Dapper.Pgsql.Test.csproj", "{59E8490F-3318-486C-96B2-0D6828A3A725}"
EndProject
Project("{2150E333-8FDC-42A3-9474-1A3956D46DE8}") = "Sql", "Sql", "{04920849-EF1C-4FFF-8DFF-74112CA3DB12}"
EndProject
Project("{9A19103F-16F7-4668-BE54-9A1E7A4F7556}") = "FluiTec.AppFx.Data.Sql", "FluiTec.AppFx.Data.Sql\FluiTec.AppFx.Data.Sql.csproj", "{E483B10D-EB7F-437A-88D7-44A9BB8DE147}"
EndProject
Project("{9A19103F-16F7-4668-BE54-9A1E7A4F7556}") = "FluiTec.AppFx.Data.Sql.Test", "FluiTec.AppFx.Data.Sql.Test\FluiTec.AppFx.Data.Sql.Test.csproj", "{BD90772A-4429-4652-89E6-46DB8EA106C1}"
EndProject
Project("{9A19103F-16F7-4668-BE54-9A1E7A4F7556}") = "FluiTec.AppFx.Identity.Dapper.Mssql.Test", "FluiTec.AppFx.Identity.Dapper.Mssql.Test\FluiTec.AppFx.Identity.Dapper.Mssql.Test.csproj", "{8FA53C28-5740-47A8-B678-B76B97287A75}"
EndProject
Project("{9A19103F-16F7-4668-BE54-9A1E7A4F7556}") = "FluiTec.AppFx.Identity.Test", "FluiTec.AppFx.Identity.Test\FluiTec.AppFx.Identity.Test.csproj", "{45049B86-13BB-4E05-AF1B-0C5A64BD66CD}"
EndProject
Project("{2150E333-8FDC-42A3-9474-1A3956D46DE8}") = "Mysql", "Mysql", "{FABA832F-C7B1-48C6-ACFE-57834E4AF265}"
EndProject
Project("{9A19103F-16F7-4668-BE54-9A1E7A4F7556}") = "FluiTec.AppFx.Identity.Dapper.Mysql", "FluiTec.AppFx.Identity.Dapper.Mysql\FluiTec.AppFx.Identity.Dapper.Mysql.csproj", "{C4816BE8-3AC9-42D0-876C-F9F4F565B5C2}"
EndProject
Project("{9A19103F-16F7-4668-BE54-9A1E7A4F7556}") = "FluiTec.AppFx.Identity.Dapper.Mysql.Test", "FluiTec.AppFx.Identity.Dapper.Mysql.Test\FluiTec.AppFx.Identity.Dapper.Mysql.Test.csproj", "{EDF76892-A1B6-4C22-841B-34D63F8DFF7D}"
EndProject
Project("{9A19103F-16F7-4668-BE54-9A1E7A4F7556}") = "FluiTec.AppFx.IdentityServer.Test", "FluiTec.AppFx.IdentityServer.Test\FluiTec.AppFx.IdentityServer.Test.csproj", "{56DDC16B-7ACE-4793-AE21-302E3457E3BD}"
EndProject
Project("{2150E333-8FDC-42A3-9474-1A3956D46DE8}") = "Pgsql", "Pgsql", "{471F777C-7291-4854-B6FD-4814C176A8EE}"
EndProject
Project("{9A19103F-16F7-4668-BE54-9A1E7A4F7556}") = "FluiTec.AppFx.IdentityServer.Dapper.Pgsql", "FluiTec.AppFx.IdentityServer.Dapper.Pgsql\FluiTec.AppFx.IdentityServer.Dapper.Pgsql.csproj", "{B72EA464-E30F-45A8-A388-6E5D7597AEE1}"
EndProject
Project("{9A19103F-16F7-4668-BE54-9A1E7A4F7556}") = "FluiTec.AppFx.IdentityServer.Dapper.Pgsql.Test", "FluiTec.AppFx.IdentityServer.Dapper.Pgsql.Test\FluiTec.AppFx.IdentityServer.Dapper.Pgsql.Test.csproj", "{6398C74D-CE17-41E9-974C-1B936A88DE34}"
EndProject
Project("{2150E333-8FDC-42A3-9474-1A3956D46DE8}") = "Mysql", "Mysql", "{CD1EC128-FEAF-47AD-88FA-F216FD65FA7F}"
EndProject
Project("{9A19103F-16F7-4668-BE54-9A1E7A4F7556}") = "FluiTec.AppFx.IdentityServer.Dapper.Mysql", "FluiTec.AppFx.IdentityServer.Dapper.Mysql\FluiTec.AppFx.IdentityServer.Dapper.Mysql.csproj", "{28853455-6DD4-45CB-9D03-4E2924FEBF3E}"
EndProject
Project("{9A19103F-16F7-4668-BE54-9A1E7A4F7556}") = "FluiTec.AppFx.IdentityServer.Dapper.Mysql.Test", "FluiTec.AppFx.IdentityServer.Dapper.Mysql.Test\FluiTec.AppFx.IdentityServer.Dapper.Mysql.Test.csproj", "{E7CD93E4-96B7-42FE-A926-FE8DB45904A5}"
EndProject
Project("{2150E333-8FDC-42A3-9474-1A3956D46DE8}") = "UnitTesting", "UnitTesting", "{DBEE429B-8379-453E-9919-756EB5000E91}"
EndProject
Project("{9A19103F-16F7-4668-BE54-9A1E7A4F7556}") = "FluiTec.AppFx.UnitTesting.Helper", "FluiTec.AppFx.UnitTesting.Helper\FluiTec.AppFx.UnitTesting.Helper.csproj", "{81262960-D79E-41E6-B311-974A62E998F9}"
EndProject
Project("{FAE04EC0-301F-11D3-BF4B-00C04F79EFBC}") = "FluiTec.AppFx.Data.Dapper.TestMigrations", "FluiTec.AppFx.Data.Dapper.TestMigrations\FluiTec.AppFx.Data.Dapper.TestMigrations.csproj", "{A4A493B0-19CB-465C-8E3E-0197F8DC84B9}"
EndProject
Project("{FAE04EC0-301F-11D3-BF4B-00C04F79EFBC}") = "FluiTec.AppFx.Identity.Dapper.Migrations", "FluiTec.AppFx.Identity.Dapper.Migrations\FluiTec.AppFx.Identity.Dapper.Migrations.csproj", "{3B52EE18-6E35-47A2-83BD-EC87CE7B3072}"
EndProject
Project("{FAE04EC0-301F-11D3-BF4B-00C04F79EFBC}") = "FluiTec.AppFx.IdentityServer.Dapper.Migrations", "FluiTec.AppFx.IdentityServer.Dapper.Migrations\FluiTec.AppFx.IdentityServer.Dapper.Migrations.csproj", "{CD2E6380-1A43-49B6-9C67-31FFB62F1396}"
EndProject
Project("{2150E333-8FDC-42A3-9474-1A3956D46DE8}") = "LiteDb", "LiteDb", "{8435CF61-7874-4207-94DD-CFE9A773E02C}"
EndProject
Project("{9A19103F-16F7-4668-BE54-9A1E7A4F7556}") = "FluiTec.AppFx.Identity.LiteDb", "FluiTec.AppFx.Identity.LiteDb\FluiTec.AppFx.Identity.LiteDb.csproj", "{2681C095-FD6C-460D-AD51-83BDF1403E13}"
EndProject
Project("{9A19103F-16F7-4668-BE54-9A1E7A4F7556}") = "FluiTec.AppFx.Identity.LiteDb.Test", "FluiTec.AppFx.Identity.LiteDb.Test\FluiTec.AppFx.Identity.LiteDb.Test.csproj", "{E1325C9C-50B6-4124-8BFB-C6D22B2CB814}"
EndProject
Project("{2150E333-8FDC-42A3-9474-1A3956D46DE8}") = "LiteDb", "LiteDb", "{DBC8676B-790D-47DE-B9DD-77B7FD8A83FA}"
EndProject
Project("{9A19103F-16F7-4668-BE54-9A1E7A4F7556}") = "FluiTec.AppFx.IdentityServer.LiteDb", "FluiTec.AppFx.IdentityServer.LiteDb\FluiTec.AppFx.IdentityServer.LiteDb.csproj", "{26699E88-BAEF-45ED-9C3C-B040C5B91B06}"
EndProject
Project("{9A19103F-16F7-4668-BE54-9A1E7A4F7556}") = "FluiTec.AppFx.IdentityServer.LiteDb.Test", "FluiTec.AppFx.IdentityServer.LiteDb.Test\FluiTec.AppFx.IdentityServer.LiteDb.Test.csproj", "{9D92C302-2722-46FD-A66C-461B88D3ADE3}"
EndProject
Project("{9A19103F-16F7-4668-BE54-9A1E7A4F7556}") = "FluiTec.AppFx.Identity.Dynamic", "FluiTec.AppFx.Identity.Dynamic\FluiTec.AppFx.Identity.Dynamic.csproj", "{B932667A-26FA-457C-B518-80B2F66BC58F}"
EndProject
Project("{FAE04EC0-301F-11D3-BF4B-00C04F79EFBC}") = "FluiTec.AppFx.IdentityServer.Dynamic", "FluiTec.AppFx.IdentityServer.Dynamic\FluiTec.AppFx.IdentityServer.Dynamic.csproj", "{1E0F4D45-EBAA-4624-95E8-82B0B8464C46}"
EndProject
Global
	GlobalSection(SolutionConfigurationPlatforms) = preSolution
		Debug|Any CPU = Debug|Any CPU
		Release|Any CPU = Release|Any CPU
	EndGlobalSection
	GlobalSection(ProjectConfigurationPlatforms) = postSolution
		{5C078D35-DFE0-4692-9DC7-37DE83FC7079}.Debug|Any CPU.ActiveCfg = Debug|Any CPU
		{5C078D35-DFE0-4692-9DC7-37DE83FC7079}.Debug|Any CPU.Build.0 = Debug|Any CPU
		{5C078D35-DFE0-4692-9DC7-37DE83FC7079}.Release|Any CPU.ActiveCfg = Release|Any CPU
		{5C078D35-DFE0-4692-9DC7-37DE83FC7079}.Release|Any CPU.Build.0 = Release|Any CPU
		{B43EDEBC-7B21-40BF-B642-EC099169A92B}.Debug|Any CPU.ActiveCfg = Debug|Any CPU
		{B43EDEBC-7B21-40BF-B642-EC099169A92B}.Debug|Any CPU.Build.0 = Debug|Any CPU
		{B43EDEBC-7B21-40BF-B642-EC099169A92B}.Release|Any CPU.ActiveCfg = Release|Any CPU
		{B43EDEBC-7B21-40BF-B642-EC099169A92B}.Release|Any CPU.Build.0 = Release|Any CPU
		{A1580721-BB60-4ED6-901D-B4C8AC9FC3EB}.Debug|Any CPU.ActiveCfg = Debug|Any CPU
		{A1580721-BB60-4ED6-901D-B4C8AC9FC3EB}.Debug|Any CPU.Build.0 = Debug|Any CPU
		{A1580721-BB60-4ED6-901D-B4C8AC9FC3EB}.Release|Any CPU.ActiveCfg = Release|Any CPU
		{A1580721-BB60-4ED6-901D-B4C8AC9FC3EB}.Release|Any CPU.Build.0 = Release|Any CPU
		{E8F4D7B7-C05C-4725-B7FB-8BBC1D02F08F}.Debug|Any CPU.ActiveCfg = Debug|Any CPU
		{E8F4D7B7-C05C-4725-B7FB-8BBC1D02F08F}.Debug|Any CPU.Build.0 = Debug|Any CPU
		{E8F4D7B7-C05C-4725-B7FB-8BBC1D02F08F}.Release|Any CPU.ActiveCfg = Release|Any CPU
		{E8F4D7B7-C05C-4725-B7FB-8BBC1D02F08F}.Release|Any CPU.Build.0 = Release|Any CPU
		{BE254772-9650-4638-B60D-3327ADBEF0D3}.Debug|Any CPU.ActiveCfg = Debug|Any CPU
		{BE254772-9650-4638-B60D-3327ADBEF0D3}.Debug|Any CPU.Build.0 = Debug|Any CPU
		{BE254772-9650-4638-B60D-3327ADBEF0D3}.Release|Any CPU.ActiveCfg = Release|Any CPU
		{BE254772-9650-4638-B60D-3327ADBEF0D3}.Release|Any CPU.Build.0 = Release|Any CPU
		{44AEBEDB-2B61-49A7-9038-BD6A64358AF1}.Debug|Any CPU.ActiveCfg = Debug|Any CPU
		{44AEBEDB-2B61-49A7-9038-BD6A64358AF1}.Debug|Any CPU.Build.0 = Debug|Any CPU
		{44AEBEDB-2B61-49A7-9038-BD6A64358AF1}.Release|Any CPU.ActiveCfg = Release|Any CPU
		{44AEBEDB-2B61-49A7-9038-BD6A64358AF1}.Release|Any CPU.Build.0 = Release|Any CPU
		{626241A6-C388-4406-837A-33DF6E761DB2}.Debug|Any CPU.ActiveCfg = Debug|Any CPU
		{626241A6-C388-4406-837A-33DF6E761DB2}.Debug|Any CPU.Build.0 = Debug|Any CPU
		{626241A6-C388-4406-837A-33DF6E761DB2}.Release|Any CPU.ActiveCfg = Release|Any CPU
		{626241A6-C388-4406-837A-33DF6E761DB2}.Release|Any CPU.Build.0 = Release|Any CPU
		{A592AA24-CD13-4054-9A30-42CCBAC5E0B2}.Debug|Any CPU.ActiveCfg = Debug|Any CPU
		{A592AA24-CD13-4054-9A30-42CCBAC5E0B2}.Debug|Any CPU.Build.0 = Debug|Any CPU
		{A592AA24-CD13-4054-9A30-42CCBAC5E0B2}.Release|Any CPU.ActiveCfg = Release|Any CPU
		{A592AA24-CD13-4054-9A30-42CCBAC5E0B2}.Release|Any CPU.Build.0 = Release|Any CPU
		{54ABC380-F4E9-4AD4-B661-AF881E452ADC}.Debug|Any CPU.ActiveCfg = Debug|Any CPU
		{54ABC380-F4E9-4AD4-B661-AF881E452ADC}.Debug|Any CPU.Build.0 = Debug|Any CPU
		{54ABC380-F4E9-4AD4-B661-AF881E452ADC}.Release|Any CPU.ActiveCfg = Release|Any CPU
		{54ABC380-F4E9-4AD4-B661-AF881E452ADC}.Release|Any CPU.Build.0 = Release|Any CPU
		{155FFE2A-BB02-413F-8D46-EDDE72628A90}.Debug|Any CPU.ActiveCfg = Debug|Any CPU
		{155FFE2A-BB02-413F-8D46-EDDE72628A90}.Debug|Any CPU.Build.0 = Debug|Any CPU
		{155FFE2A-BB02-413F-8D46-EDDE72628A90}.Release|Any CPU.ActiveCfg = Release|Any CPU
		{155FFE2A-BB02-413F-8D46-EDDE72628A90}.Release|Any CPU.Build.0 = Release|Any CPU
		{57F9A562-7D5A-47AD-B6A9-91637E399D93}.Debug|Any CPU.ActiveCfg = Debug|Any CPU
		{57F9A562-7D5A-47AD-B6A9-91637E399D93}.Debug|Any CPU.Build.0 = Debug|Any CPU
		{57F9A562-7D5A-47AD-B6A9-91637E399D93}.Release|Any CPU.ActiveCfg = Release|Any CPU
		{57F9A562-7D5A-47AD-B6A9-91637E399D93}.Release|Any CPU.Build.0 = Release|Any CPU
		{BEC92EDB-46EB-4AA8-9C46-83790773187B}.Debug|Any CPU.ActiveCfg = Debug|Any CPU
		{BEC92EDB-46EB-4AA8-9C46-83790773187B}.Debug|Any CPU.Build.0 = Debug|Any CPU
		{BEC92EDB-46EB-4AA8-9C46-83790773187B}.Release|Any CPU.ActiveCfg = Release|Any CPU
		{BEC92EDB-46EB-4AA8-9C46-83790773187B}.Release|Any CPU.Build.0 = Release|Any CPU
		{76C7F620-0A58-43DA-8C8F-7327A2F8AE14}.Debug|Any CPU.ActiveCfg = Debug|Any CPU
		{76C7F620-0A58-43DA-8C8F-7327A2F8AE14}.Debug|Any CPU.Build.0 = Debug|Any CPU
		{76C7F620-0A58-43DA-8C8F-7327A2F8AE14}.Release|Any CPU.ActiveCfg = Release|Any CPU
		{76C7F620-0A58-43DA-8C8F-7327A2F8AE14}.Release|Any CPU.Build.0 = Release|Any CPU
		{9C734C45-3B17-4A6B-9EF1-44C6A1EB18CE}.Debug|Any CPU.ActiveCfg = Debug|Any CPU
		{9C734C45-3B17-4A6B-9EF1-44C6A1EB18CE}.Debug|Any CPU.Build.0 = Debug|Any CPU
		{9C734C45-3B17-4A6B-9EF1-44C6A1EB18CE}.Release|Any CPU.ActiveCfg = Release|Any CPU
		{9C734C45-3B17-4A6B-9EF1-44C6A1EB18CE}.Release|Any CPU.Build.0 = Release|Any CPU
		{C1F5FB9F-96DD-4250-BC91-EDB921CE8B7C}.Debug|Any CPU.ActiveCfg = Debug|Any CPU
		{C1F5FB9F-96DD-4250-BC91-EDB921CE8B7C}.Debug|Any CPU.Build.0 = Debug|Any CPU
		{C1F5FB9F-96DD-4250-BC91-EDB921CE8B7C}.Release|Any CPU.ActiveCfg = Release|Any CPU
		{C1F5FB9F-96DD-4250-BC91-EDB921CE8B7C}.Release|Any CPU.Build.0 = Release|Any CPU
		{7F857B0F-B3FD-4F28-90AB-E1F103EF7B58}.Debug|Any CPU.ActiveCfg = Debug|Any CPU
		{7F857B0F-B3FD-4F28-90AB-E1F103EF7B58}.Debug|Any CPU.Build.0 = Debug|Any CPU
		{7F857B0F-B3FD-4F28-90AB-E1F103EF7B58}.Release|Any CPU.ActiveCfg = Release|Any CPU
		{7F857B0F-B3FD-4F28-90AB-E1F103EF7B58}.Release|Any CPU.Build.0 = Release|Any CPU
		{A171091C-FB44-4BCA-9241-0DD807D7265B}.Debug|Any CPU.ActiveCfg = Debug|Any CPU
		{A171091C-FB44-4BCA-9241-0DD807D7265B}.Debug|Any CPU.Build.0 = Debug|Any CPU
		{A171091C-FB44-4BCA-9241-0DD807D7265B}.Release|Any CPU.ActiveCfg = Release|Any CPU
		{A171091C-FB44-4BCA-9241-0DD807D7265B}.Release|Any CPU.Build.0 = Release|Any CPU
		{48BD9376-FC49-4EF6-AA34-44F9DD10D636}.Debug|Any CPU.ActiveCfg = Debug|Any CPU
		{48BD9376-FC49-4EF6-AA34-44F9DD10D636}.Debug|Any CPU.Build.0 = Debug|Any CPU
		{48BD9376-FC49-4EF6-AA34-44F9DD10D636}.Release|Any CPU.ActiveCfg = Release|Any CPU
		{48BD9376-FC49-4EF6-AA34-44F9DD10D636}.Release|Any CPU.Build.0 = Release|Any CPU
		{FB8A678C-2480-4A02-9C44-829188A55778}.Debug|Any CPU.ActiveCfg = Debug|Any CPU
		{FB8A678C-2480-4A02-9C44-829188A55778}.Debug|Any CPU.Build.0 = Debug|Any CPU
		{FB8A678C-2480-4A02-9C44-829188A55778}.Release|Any CPU.ActiveCfg = Release|Any CPU
		{FB8A678C-2480-4A02-9C44-829188A55778}.Release|Any CPU.Build.0 = Release|Any CPU
		{1BB94D4E-C304-44DA-8BC7-73AB9ABB60E0}.Debug|Any CPU.ActiveCfg = Debug|Any CPU
		{1BB94D4E-C304-44DA-8BC7-73AB9ABB60E0}.Debug|Any CPU.Build.0 = Debug|Any CPU
		{1BB94D4E-C304-44DA-8BC7-73AB9ABB60E0}.Release|Any CPU.ActiveCfg = Release|Any CPU
		{1BB94D4E-C304-44DA-8BC7-73AB9ABB60E0}.Release|Any CPU.Build.0 = Release|Any CPU
		{00CF8046-4950-4351-8C7E-33263B2D09E8}.Debug|Any CPU.ActiveCfg = Debug|Any CPU
		{00CF8046-4950-4351-8C7E-33263B2D09E8}.Debug|Any CPU.Build.0 = Debug|Any CPU
		{00CF8046-4950-4351-8C7E-33263B2D09E8}.Release|Any CPU.ActiveCfg = Release|Any CPU
		{00CF8046-4950-4351-8C7E-33263B2D09E8}.Release|Any CPU.Build.0 = Release|Any CPU
		{C3773039-91B1-44BE-8690-B1700999FE05}.Debug|Any CPU.ActiveCfg = Debug|Any CPU
		{C3773039-91B1-44BE-8690-B1700999FE05}.Debug|Any CPU.Build.0 = Debug|Any CPU
		{C3773039-91B1-44BE-8690-B1700999FE05}.Release|Any CPU.ActiveCfg = Release|Any CPU
		{C3773039-91B1-44BE-8690-B1700999FE05}.Release|Any CPU.Build.0 = Release|Any CPU
		{1505250C-4ECA-42B8-A66E-4D70DCBB6B06}.Debug|Any CPU.ActiveCfg = Debug|Any CPU
		{1505250C-4ECA-42B8-A66E-4D70DCBB6B06}.Debug|Any CPU.Build.0 = Debug|Any CPU
		{1505250C-4ECA-42B8-A66E-4D70DCBB6B06}.Release|Any CPU.ActiveCfg = Release|Any CPU
		{1505250C-4ECA-42B8-A66E-4D70DCBB6B06}.Release|Any CPU.Build.0 = Release|Any CPU
		{CC391009-4E81-4FE1-A59F-CDC4ABA8776E}.Debug|Any CPU.ActiveCfg = Debug|Any CPU
		{CC391009-4E81-4FE1-A59F-CDC4ABA8776E}.Debug|Any CPU.Build.0 = Debug|Any CPU
		{CC391009-4E81-4FE1-A59F-CDC4ABA8776E}.Release|Any CPU.ActiveCfg = Release|Any CPU
		{CC391009-4E81-4FE1-A59F-CDC4ABA8776E}.Release|Any CPU.Build.0 = Release|Any CPU
		{2CF6A310-E339-4812-8BEA-53F44A492F78}.Debug|Any CPU.ActiveCfg = Debug|Any CPU
		{2CF6A310-E339-4812-8BEA-53F44A492F78}.Debug|Any CPU.Build.0 = Debug|Any CPU
		{2CF6A310-E339-4812-8BEA-53F44A492F78}.Release|Any CPU.ActiveCfg = Release|Any CPU
		{2CF6A310-E339-4812-8BEA-53F44A492F78}.Release|Any CPU.Build.0 = Release|Any CPU
		{BA63A951-B43F-4023-BAAB-798D5DEBC3D0}.Debug|Any CPU.ActiveCfg = Debug|Any CPU
		{BA63A951-B43F-4023-BAAB-798D5DEBC3D0}.Debug|Any CPU.Build.0 = Debug|Any CPU
		{BA63A951-B43F-4023-BAAB-798D5DEBC3D0}.Release|Any CPU.ActiveCfg = Release|Any CPU
		{BA63A951-B43F-4023-BAAB-798D5DEBC3D0}.Release|Any CPU.Build.0 = Release|Any CPU
		{E7A86934-82E8-4116-8100-5127497CB74A}.Debug|Any CPU.ActiveCfg = Debug|Any CPU
		{E7A86934-82E8-4116-8100-5127497CB74A}.Debug|Any CPU.Build.0 = Debug|Any CPU
		{E7A86934-82E8-4116-8100-5127497CB74A}.Release|Any CPU.ActiveCfg = Release|Any CPU
		{E7A86934-82E8-4116-8100-5127497CB74A}.Release|Any CPU.Build.0 = Release|Any CPU
		{13C486E5-0F91-47EA-B5A9-C17F7A4F15EF}.Debug|Any CPU.ActiveCfg = Debug|Any CPU
		{13C486E5-0F91-47EA-B5A9-C17F7A4F15EF}.Debug|Any CPU.Build.0 = Debug|Any CPU
		{13C486E5-0F91-47EA-B5A9-C17F7A4F15EF}.Release|Any CPU.ActiveCfg = Release|Any CPU
		{13C486E5-0F91-47EA-B5A9-C17F7A4F15EF}.Release|Any CPU.Build.0 = Release|Any CPU
		{16B29815-D11C-4A5E-8680-F9DE9DAAC79D}.Debug|Any CPU.ActiveCfg = Debug|Any CPU
		{16B29815-D11C-4A5E-8680-F9DE9DAAC79D}.Debug|Any CPU.Build.0 = Debug|Any CPU
		{16B29815-D11C-4A5E-8680-F9DE9DAAC79D}.Release|Any CPU.ActiveCfg = Release|Any CPU
		{16B29815-D11C-4A5E-8680-F9DE9DAAC79D}.Release|Any CPU.Build.0 = Release|Any CPU
		{5E086B0F-6AB8-422F-BA9E-7F31BC37FE14}.Debug|Any CPU.ActiveCfg = Debug|Any CPU
		{5E086B0F-6AB8-422F-BA9E-7F31BC37FE14}.Debug|Any CPU.Build.0 = Debug|Any CPU
		{5E086B0F-6AB8-422F-BA9E-7F31BC37FE14}.Release|Any CPU.ActiveCfg = Release|Any CPU
		{5E086B0F-6AB8-422F-BA9E-7F31BC37FE14}.Release|Any CPU.Build.0 = Release|Any CPU
		{EF68F4D6-0DA1-406D-B664-206A58B1D694}.Debug|Any CPU.ActiveCfg = Debug|Any CPU
		{EF68F4D6-0DA1-406D-B664-206A58B1D694}.Debug|Any CPU.Build.0 = Debug|Any CPU
		{EF68F4D6-0DA1-406D-B664-206A58B1D694}.Release|Any CPU.ActiveCfg = Release|Any CPU
		{EF68F4D6-0DA1-406D-B664-206A58B1D694}.Release|Any CPU.Build.0 = Release|Any CPU
		{59E8490F-3318-486C-96B2-0D6828A3A725}.Debug|Any CPU.ActiveCfg = Debug|Any CPU
		{59E8490F-3318-486C-96B2-0D6828A3A725}.Debug|Any CPU.Build.0 = Debug|Any CPU
		{59E8490F-3318-486C-96B2-0D6828A3A725}.Release|Any CPU.ActiveCfg = Release|Any CPU
		{59E8490F-3318-486C-96B2-0D6828A3A725}.Release|Any CPU.Build.0 = Release|Any CPU
		{E483B10D-EB7F-437A-88D7-44A9BB8DE147}.Debug|Any CPU.ActiveCfg = Debug|Any CPU
		{E483B10D-EB7F-437A-88D7-44A9BB8DE147}.Debug|Any CPU.Build.0 = Debug|Any CPU
		{E483B10D-EB7F-437A-88D7-44A9BB8DE147}.Release|Any CPU.ActiveCfg = Release|Any CPU
		{E483B10D-EB7F-437A-88D7-44A9BB8DE147}.Release|Any CPU.Build.0 = Release|Any CPU
		{BD90772A-4429-4652-89E6-46DB8EA106C1}.Debug|Any CPU.ActiveCfg = Debug|Any CPU
		{BD90772A-4429-4652-89E6-46DB8EA106C1}.Debug|Any CPU.Build.0 = Debug|Any CPU
		{BD90772A-4429-4652-89E6-46DB8EA106C1}.Release|Any CPU.ActiveCfg = Release|Any CPU
		{BD90772A-4429-4652-89E6-46DB8EA106C1}.Release|Any CPU.Build.0 = Release|Any CPU
		{8FA53C28-5740-47A8-B678-B76B97287A75}.Debug|Any CPU.ActiveCfg = Debug|Any CPU
		{8FA53C28-5740-47A8-B678-B76B97287A75}.Debug|Any CPU.Build.0 = Debug|Any CPU
		{8FA53C28-5740-47A8-B678-B76B97287A75}.Release|Any CPU.ActiveCfg = Release|Any CPU
		{8FA53C28-5740-47A8-B678-B76B97287A75}.Release|Any CPU.Build.0 = Release|Any CPU
		{45049B86-13BB-4E05-AF1B-0C5A64BD66CD}.Debug|Any CPU.ActiveCfg = Debug|Any CPU
		{45049B86-13BB-4E05-AF1B-0C5A64BD66CD}.Debug|Any CPU.Build.0 = Debug|Any CPU
		{45049B86-13BB-4E05-AF1B-0C5A64BD66CD}.Release|Any CPU.ActiveCfg = Release|Any CPU
		{45049B86-13BB-4E05-AF1B-0C5A64BD66CD}.Release|Any CPU.Build.0 = Release|Any CPU
		{C4816BE8-3AC9-42D0-876C-F9F4F565B5C2}.Debug|Any CPU.ActiveCfg = Debug|Any CPU
		{C4816BE8-3AC9-42D0-876C-F9F4F565B5C2}.Debug|Any CPU.Build.0 = Debug|Any CPU
		{C4816BE8-3AC9-42D0-876C-F9F4F565B5C2}.Release|Any CPU.ActiveCfg = Release|Any CPU
		{C4816BE8-3AC9-42D0-876C-F9F4F565B5C2}.Release|Any CPU.Build.0 = Release|Any CPU
		{EDF76892-A1B6-4C22-841B-34D63F8DFF7D}.Debug|Any CPU.ActiveCfg = Debug|Any CPU
		{EDF76892-A1B6-4C22-841B-34D63F8DFF7D}.Debug|Any CPU.Build.0 = Debug|Any CPU
		{EDF76892-A1B6-4C22-841B-34D63F8DFF7D}.Release|Any CPU.ActiveCfg = Release|Any CPU
		{EDF76892-A1B6-4C22-841B-34D63F8DFF7D}.Release|Any CPU.Build.0 = Release|Any CPU
		{56DDC16B-7ACE-4793-AE21-302E3457E3BD}.Debug|Any CPU.ActiveCfg = Debug|Any CPU
		{56DDC16B-7ACE-4793-AE21-302E3457E3BD}.Debug|Any CPU.Build.0 = Debug|Any CPU
		{56DDC16B-7ACE-4793-AE21-302E3457E3BD}.Release|Any CPU.ActiveCfg = Release|Any CPU
		{56DDC16B-7ACE-4793-AE21-302E3457E3BD}.Release|Any CPU.Build.0 = Release|Any CPU
		{B72EA464-E30F-45A8-A388-6E5D7597AEE1}.Debug|Any CPU.ActiveCfg = Debug|Any CPU
		{B72EA464-E30F-45A8-A388-6E5D7597AEE1}.Debug|Any CPU.Build.0 = Debug|Any CPU
		{B72EA464-E30F-45A8-A388-6E5D7597AEE1}.Release|Any CPU.ActiveCfg = Release|Any CPU
		{B72EA464-E30F-45A8-A388-6E5D7597AEE1}.Release|Any CPU.Build.0 = Release|Any CPU
		{6398C74D-CE17-41E9-974C-1B936A88DE34}.Debug|Any CPU.ActiveCfg = Debug|Any CPU
		{6398C74D-CE17-41E9-974C-1B936A88DE34}.Debug|Any CPU.Build.0 = Debug|Any CPU
		{6398C74D-CE17-41E9-974C-1B936A88DE34}.Release|Any CPU.ActiveCfg = Release|Any CPU
		{6398C74D-CE17-41E9-974C-1B936A88DE34}.Release|Any CPU.Build.0 = Release|Any CPU
		{28853455-6DD4-45CB-9D03-4E2924FEBF3E}.Debug|Any CPU.ActiveCfg = Debug|Any CPU
		{28853455-6DD4-45CB-9D03-4E2924FEBF3E}.Debug|Any CPU.Build.0 = Debug|Any CPU
		{28853455-6DD4-45CB-9D03-4E2924FEBF3E}.Release|Any CPU.ActiveCfg = Release|Any CPU
		{28853455-6DD4-45CB-9D03-4E2924FEBF3E}.Release|Any CPU.Build.0 = Release|Any CPU
		{E7CD93E4-96B7-42FE-A926-FE8DB45904A5}.Debug|Any CPU.ActiveCfg = Debug|Any CPU
		{E7CD93E4-96B7-42FE-A926-FE8DB45904A5}.Debug|Any CPU.Build.0 = Debug|Any CPU
		{E7CD93E4-96B7-42FE-A926-FE8DB45904A5}.Release|Any CPU.ActiveCfg = Release|Any CPU
		{E7CD93E4-96B7-42FE-A926-FE8DB45904A5}.Release|Any CPU.Build.0 = Release|Any CPU
		{81262960-D79E-41E6-B311-974A62E998F9}.Debug|Any CPU.ActiveCfg = Debug|Any CPU
		{81262960-D79E-41E6-B311-974A62E998F9}.Debug|Any CPU.Build.0 = Debug|Any CPU
		{81262960-D79E-41E6-B311-974A62E998F9}.Release|Any CPU.ActiveCfg = Release|Any CPU
		{81262960-D79E-41E6-B311-974A62E998F9}.Release|Any CPU.Build.0 = Release|Any CPU
		{A4A493B0-19CB-465C-8E3E-0197F8DC84B9}.Debug|Any CPU.ActiveCfg = Debug|Any CPU
		{A4A493B0-19CB-465C-8E3E-0197F8DC84B9}.Debug|Any CPU.Build.0 = Debug|Any CPU
		{A4A493B0-19CB-465C-8E3E-0197F8DC84B9}.Release|Any CPU.ActiveCfg = Release|Any CPU
		{A4A493B0-19CB-465C-8E3E-0197F8DC84B9}.Release|Any CPU.Build.0 = Release|Any CPU
		{3B52EE18-6E35-47A2-83BD-EC87CE7B3072}.Debug|Any CPU.ActiveCfg = Debug|Any CPU
		{3B52EE18-6E35-47A2-83BD-EC87CE7B3072}.Debug|Any CPU.Build.0 = Debug|Any CPU
		{3B52EE18-6E35-47A2-83BD-EC87CE7B3072}.Release|Any CPU.ActiveCfg = Release|Any CPU
		{3B52EE18-6E35-47A2-83BD-EC87CE7B3072}.Release|Any CPU.Build.0 = Release|Any CPU
		{CD2E6380-1A43-49B6-9C67-31FFB62F1396}.Debug|Any CPU.ActiveCfg = Debug|Any CPU
		{CD2E6380-1A43-49B6-9C67-31FFB62F1396}.Debug|Any CPU.Build.0 = Debug|Any CPU
		{CD2E6380-1A43-49B6-9C67-31FFB62F1396}.Release|Any CPU.ActiveCfg = Release|Any CPU
		{CD2E6380-1A43-49B6-9C67-31FFB62F1396}.Release|Any CPU.Build.0 = Release|Any CPU
		{2681C095-FD6C-460D-AD51-83BDF1403E13}.Debug|Any CPU.ActiveCfg = Debug|Any CPU
		{2681C095-FD6C-460D-AD51-83BDF1403E13}.Debug|Any CPU.Build.0 = Debug|Any CPU
		{2681C095-FD6C-460D-AD51-83BDF1403E13}.Release|Any CPU.ActiveCfg = Release|Any CPU
		{2681C095-FD6C-460D-AD51-83BDF1403E13}.Release|Any CPU.Build.0 = Release|Any CPU
		{E1325C9C-50B6-4124-8BFB-C6D22B2CB814}.Debug|Any CPU.ActiveCfg = Debug|Any CPU
		{E1325C9C-50B6-4124-8BFB-C6D22B2CB814}.Debug|Any CPU.Build.0 = Debug|Any CPU
		{E1325C9C-50B6-4124-8BFB-C6D22B2CB814}.Release|Any CPU.ActiveCfg = Release|Any CPU
		{E1325C9C-50B6-4124-8BFB-C6D22B2CB814}.Release|Any CPU.Build.0 = Release|Any CPU
		{26699E88-BAEF-45ED-9C3C-B040C5B91B06}.Debug|Any CPU.ActiveCfg = Debug|Any CPU
		{26699E88-BAEF-45ED-9C3C-B040C5B91B06}.Debug|Any CPU.Build.0 = Debug|Any CPU
		{26699E88-BAEF-45ED-9C3C-B040C5B91B06}.Release|Any CPU.ActiveCfg = Release|Any CPU
		{26699E88-BAEF-45ED-9C3C-B040C5B91B06}.Release|Any CPU.Build.0 = Release|Any CPU
		{9D92C302-2722-46FD-A66C-461B88D3ADE3}.Debug|Any CPU.ActiveCfg = Debug|Any CPU
		{9D92C302-2722-46FD-A66C-461B88D3ADE3}.Debug|Any CPU.Build.0 = Debug|Any CPU
		{9D92C302-2722-46FD-A66C-461B88D3ADE3}.Release|Any CPU.ActiveCfg = Release|Any CPU
		{9D92C302-2722-46FD-A66C-461B88D3ADE3}.Release|Any CPU.Build.0 = Release|Any CPU
		{B932667A-26FA-457C-B518-80B2F66BC58F}.Debug|Any CPU.ActiveCfg = Debug|Any CPU
		{B932667A-26FA-457C-B518-80B2F66BC58F}.Debug|Any CPU.Build.0 = Debug|Any CPU
		{B932667A-26FA-457C-B518-80B2F66BC58F}.Release|Any CPU.ActiveCfg = Release|Any CPU
		{B932667A-26FA-457C-B518-80B2F66BC58F}.Release|Any CPU.Build.0 = Release|Any CPU
		{1E0F4D45-EBAA-4624-95E8-82B0B8464C46}.Debug|Any CPU.ActiveCfg = Debug|Any CPU
		{1E0F4D45-EBAA-4624-95E8-82B0B8464C46}.Debug|Any CPU.Build.0 = Debug|Any CPU
		{1E0F4D45-EBAA-4624-95E8-82B0B8464C46}.Release|Any CPU.ActiveCfg = Release|Any CPU
		{1E0F4D45-EBAA-4624-95E8-82B0B8464C46}.Release|Any CPU.Build.0 = Release|Any CPU
	EndGlobalSection
	GlobalSection(SolutionProperties) = preSolution
		HideSolutionNode = FALSE
	EndGlobalSection
	GlobalSection(NestedProjects) = preSolution
		{5C078D35-DFE0-4692-9DC7-37DE83FC7079} = {EED4D72B-4A26-46F6-95CD-FD66D0677625}
		{B43EDEBC-7B21-40BF-B642-EC099169A92B} = {34D20E8C-84A7-4C54-9624-F5DE0EA0C4B7}
		{A1580721-BB60-4ED6-901D-B4C8AC9FC3EB} = {D55E4F1D-33C8-4939-B8D9-2BB1987FBB74}
		{E8F4D7B7-C05C-4725-B7FB-8BBC1D02F08F} = {D55E4F1D-33C8-4939-B8D9-2BB1987FBB74}
		{BE254772-9650-4638-B60D-3327ADBEF0D3} = {5BAE7134-8694-4D41-987C-2D9FCB6BADB6}
		{44AEBEDB-2B61-49A7-9038-BD6A64358AF1} = {B5CD1340-3032-49E1-9EB0-CE90B9D5664B}
		{626241A6-C388-4406-837A-33DF6E761DB2} = {954223C0-0E41-483A-AAC0-13FF4EB8783E}
		{A592AA24-CD13-4054-9A30-42CCBAC5E0B2} = {954223C0-0E41-483A-AAC0-13FF4EB8783E}
		{54ABC380-F4E9-4AD4-B661-AF881E452ADC} = {B5CD1340-3032-49E1-9EB0-CE90B9D5664B}
		{155FFE2A-BB02-413F-8D46-EDDE72628A90} = {08DE624C-45BF-479F-91D1-68340D166EA9}
		{57F9A562-7D5A-47AD-B6A9-91637E399D93} = {08DE624C-45BF-479F-91D1-68340D166EA9}
		{BEC92EDB-46EB-4AA8-9C46-83790773187B} = {5BAE7134-8694-4D41-987C-2D9FCB6BADB6}
		{76C7F620-0A58-43DA-8C8F-7327A2F8AE14} = {1AF2D652-F1F7-4C07-855C-89D46E7F3DD4}
		{9C734C45-3B17-4A6B-9EF1-44C6A1EB18CE} = {FFAF67E6-1D08-43E7-B15B-002231358EE4}
		{C1F5FB9F-96DD-4250-BC91-EDB921CE8B7C} = {6B00CD88-5021-4B02-80CC-A5F6DB23C202}
		{7F857B0F-B3FD-4F28-90AB-E1F103EF7B58} = {5845D5C4-5F47-406F-8812-115B0A33AC77}
		{A171091C-FB44-4BCA-9241-0DD807D7265B} = {31B4F33D-F68A-458F-8BE9-E97CA8C2A1C4}
		{48BD9376-FC49-4EF6-AA34-44F9DD10D636} = {ACE90309-E7FC-4F84-AF5B-E8FD8E73F0FE}
		{FB8A678C-2480-4A02-9C44-829188A55778} = {ACE90309-E7FC-4F84-AF5B-E8FD8E73F0FE}
		{1BB94D4E-C304-44DA-8BC7-73AB9ABB60E0} = {E277276B-14C6-4E43-A785-6C6E0DBFE495}
		{00CF8046-4950-4351-8C7E-33263B2D09E8} = {E277276B-14C6-4E43-A785-6C6E0DBFE495}
		{C3773039-91B1-44BE-8690-B1700999FE05} = {7CE4B224-DF00-4CB1-8A55-755A9F990BC4}
		{1505250C-4ECA-42B8-A66E-4D70DCBB6B06} = {9A52B173-CB92-4F04-B882-40D293BCABA8}
		{CC391009-4E81-4FE1-A59F-CDC4ABA8776E} = {81C1EC44-A430-4261-AE7C-AA70040578BA}
		{EED4D72B-4A26-46F6-95CD-FD66D0677625} = {51ED0D5C-4D72-4121-BF21-EF870A35FA08}
		{1AF2D652-F1F7-4C07-855C-89D46E7F3DD4} = {51ED0D5C-4D72-4121-BF21-EF870A35FA08}
		{5845D5C4-5F47-406F-8812-115B0A33AC77} = {51ED0D5C-4D72-4121-BF21-EF870A35FA08}
		{B5CD1340-3032-49E1-9EB0-CE90B9D5664B} = {5BAE7134-8694-4D41-987C-2D9FCB6BADB6}
		{954223C0-0E41-483A-AAC0-13FF4EB8783E} = {B5CD1340-3032-49E1-9EB0-CE90B9D5664B}
		{08DE624C-45BF-479F-91D1-68340D166EA9} = {5BAE7134-8694-4D41-987C-2D9FCB6BADB6}
		{FFAF67E6-1D08-43E7-B15B-002231358EE4} = {1AF2D652-F1F7-4C07-855C-89D46E7F3DD4}
		{6B00CD88-5021-4B02-80CC-A5F6DB23C202} = {FFAF67E6-1D08-43E7-B15B-002231358EE4}
		{31B4F33D-F68A-458F-8BE9-E97CA8C2A1C4} = {5845D5C4-5F47-406F-8812-115B0A33AC77}
		{ACE90309-E7FC-4F84-AF5B-E8FD8E73F0FE} = {31B4F33D-F68A-458F-8BE9-E97CA8C2A1C4}
		{7CE4B224-DF00-4CB1-8A55-755A9F990BC4} = {8E4A73CA-B6D6-454D-A160-EF4395DE4A28}
		{2CF6A310-E339-4812-8BEA-53F44A492F78} = {D55E4F1D-33C8-4939-B8D9-2BB1987FBB74}
		{BA63A951-B43F-4023-BAAB-798D5DEBC3D0} = {81C1EC44-A430-4261-AE7C-AA70040578BA}
		{96DC05AA-D450-458D-91AA-1016B419964C} = {B5CD1340-3032-49E1-9EB0-CE90B9D5664B}
		{E7A86934-82E8-4116-8100-5127497CB74A} = {96DC05AA-D450-458D-91AA-1016B419964C}
		{13C486E5-0F91-47EA-B5A9-C17F7A4F15EF} = {96DC05AA-D450-458D-91AA-1016B419964C}
		{2F688780-8D4E-4881-80D7-48EE402A2B8C} = {B5CD1340-3032-49E1-9EB0-CE90B9D5664B}
		{16B29815-D11C-4A5E-8680-F9DE9DAAC79D} = {2F688780-8D4E-4881-80D7-48EE402A2B8C}
		{5E086B0F-6AB8-422F-BA9E-7F31BC37FE14} = {2F688780-8D4E-4881-80D7-48EE402A2B8C}
		{26229F05-A4EB-4F65-A5AC-FB4418DE50D5} = {FFAF67E6-1D08-43E7-B15B-002231358EE4}
		{EF68F4D6-0DA1-406D-B664-206A58B1D694} = {26229F05-A4EB-4F65-A5AC-FB4418DE50D5}
		{59E8490F-3318-486C-96B2-0D6828A3A725} = {26229F05-A4EB-4F65-A5AC-FB4418DE50D5}
		{04920849-EF1C-4FFF-8DFF-74112CA3DB12} = {5BAE7134-8694-4D41-987C-2D9FCB6BADB6}
		{E483B10D-EB7F-437A-88D7-44A9BB8DE147} = {04920849-EF1C-4FFF-8DFF-74112CA3DB12}
		{BD90772A-4429-4652-89E6-46DB8EA106C1} = {04920849-EF1C-4FFF-8DFF-74112CA3DB12}
		{8FA53C28-5740-47A8-B678-B76B97287A75} = {6B00CD88-5021-4B02-80CC-A5F6DB23C202}
		{45049B86-13BB-4E05-AF1B-0C5A64BD66CD} = {1AF2D652-F1F7-4C07-855C-89D46E7F3DD4}
		{FABA832F-C7B1-48C6-ACFE-57834E4AF265} = {FFAF67E6-1D08-43E7-B15B-002231358EE4}
		{C4816BE8-3AC9-42D0-876C-F9F4F565B5C2} = {FABA832F-C7B1-48C6-ACFE-57834E4AF265}
		{EDF76892-A1B6-4C22-841B-34D63F8DFF7D} = {FABA832F-C7B1-48C6-ACFE-57834E4AF265}
		{56DDC16B-7ACE-4793-AE21-302E3457E3BD} = {5845D5C4-5F47-406F-8812-115B0A33AC77}
		{471F777C-7291-4854-B6FD-4814C176A8EE} = {31B4F33D-F68A-458F-8BE9-E97CA8C2A1C4}
		{B72EA464-E30F-45A8-A388-6E5D7597AEE1} = {471F777C-7291-4854-B6FD-4814C176A8EE}
		{6398C74D-CE17-41E9-974C-1B936A88DE34} = {471F777C-7291-4854-B6FD-4814C176A8EE}
		{CD1EC128-FEAF-47AD-88FA-F216FD65FA7F} = {31B4F33D-F68A-458F-8BE9-E97CA8C2A1C4}
		{28853455-6DD4-45CB-9D03-4E2924FEBF3E} = {CD1EC128-FEAF-47AD-88FA-F216FD65FA7F}
		{E7CD93E4-96B7-42FE-A926-FE8DB45904A5} = {CD1EC128-FEAF-47AD-88FA-F216FD65FA7F}
		{81262960-D79E-41E6-B311-974A62E998F9} = {DBEE429B-8379-453E-9919-756EB5000E91}
		{A4A493B0-19CB-465C-8E3E-0197F8DC84B9} = {B5CD1340-3032-49E1-9EB0-CE90B9D5664B}
		{3B52EE18-6E35-47A2-83BD-EC87CE7B3072} = {FFAF67E6-1D08-43E7-B15B-002231358EE4}
		{CD2E6380-1A43-49B6-9C67-31FFB62F1396} = {31B4F33D-F68A-458F-8BE9-E97CA8C2A1C4}
		{8435CF61-7874-4207-94DD-CFE9A773E02C} = {1AF2D652-F1F7-4C07-855C-89D46E7F3DD4}
		{2681C095-FD6C-460D-AD51-83BDF1403E13} = {8435CF61-7874-4207-94DD-CFE9A773E02C}
		{E1325C9C-50B6-4124-8BFB-C6D22B2CB814} = {8435CF61-7874-4207-94DD-CFE9A773E02C}
		{DBC8676B-790D-47DE-B9DD-77B7FD8A83FA} = {5845D5C4-5F47-406F-8812-115B0A33AC77}
		{26699E88-BAEF-45ED-9C3C-B040C5B91B06} = {DBC8676B-790D-47DE-B9DD-77B7FD8A83FA}
		{9D92C302-2722-46FD-A66C-461B88D3ADE3} = {DBC8676B-790D-47DE-B9DD-77B7FD8A83FA}
		{B932667A-26FA-457C-B518-80B2F66BC58F} = {1AF2D652-F1F7-4C07-855C-89D46E7F3DD4}
		{1E0F4D45-EBAA-4624-95E8-82B0B8464C46} = {5845D5C4-5F47-406F-8812-115B0A33AC77}
	EndGlobalSection
	GlobalSection(ExtensibilityGlobals) = postSolution
		SolutionGuid = {EC6F86AA-89A7-41EB-B3D9-1511282B312A}
	EndGlobalSection
EndGlobal
