
Microsoft Visual Studio Solution File, Format Version 12.00
# Visual Studio 15
VisualStudioVersion = 15.0.27428.2027
MinimumVisualStudioVersion = 10.0.40219.1
Project("{9A19103F-16F7-4668-BE54-9A1E7A4F7556}") = "FluiTec.AppFx.Data", "FluiTec.AppFx.Data\FluiTec.AppFx.Data.csproj", "{5E697D2D-C8C4-443F-90BA-8E7AA3CCE20C}"
EndProject
Project("{9A19103F-16F7-4668-BE54-9A1E7A4F7556}") = "FluiTec.AppFx.Data.Dapper", "FluiTec.AppFx.Data.Dapper\FluiTec.AppFx.Data.Dapper.csproj", "{711E74A3-5541-4332-A2B6-55B7873D4888}"
EndProject
Project("{9A19103F-16F7-4668-BE54-9A1E7A4F7556}") = "FluiTec.AppFx.Data.Dapper.Pgsql", "FluiTec.AppFx.Data.Dapper.Pgsql\FluiTec.AppFx.Data.Dapper.Pgsql.csproj", "{6AE8C4E8-B692-4E9E-AD5F-79336369D75C}"
EndProject
Project("{9A19103F-16F7-4668-BE54-9A1E7A4F7556}") = "FluiTec.AppFx.Data.Dapper.Pgsql.Test", "FluiTec.AppFx.Data.Dapper.Pgsql.Test\FluiTec.AppFx.Data.Dapper.Pgsql.Test.csproj", "{A36A2CF9-F8F2-42EE-BCEE-C92A97886787}"
EndProject
Project("{9A19103F-16F7-4668-BE54-9A1E7A4F7556}") = "FluiTec.AppFx.Data.Dapper.Mssql", "FluiTec.AppFx.Data.Dapper.Mssql\FluiTec.AppFx.Data.Dapper.Mssql.csproj", "{FA73E0ED-41A5-4F04-B110-4BD08A7D89CF}"
EndProject
Project("{9A19103F-16F7-4668-BE54-9A1E7A4F7556}") = "FluiTec.AppFx.Data.Dapper.Mssql.Test", "FluiTec.AppFx.Data.Dapper.Mssql.Test\FluiTec.AppFx.Data.Dapper.Mssql.Test.csproj", "{93DC969B-25E3-43A0-AD31-AEAB44BABCD8}"
EndProject
Project("{9A19103F-16F7-4668-BE54-9A1E7A4F7556}") = "FluiTec.AppFx.Data.Dapper.Mysql", "FluiTec.AppFx.Data.Dapper.Mysql\FluiTec.AppFx.Data.Dapper.Mysql.csproj", "{19F6CAEA-A187-4C1C-841A-6A95B200466A}"
EndProject
Project("{9A19103F-16F7-4668-BE54-9A1E7A4F7556}") = "FluiTec.AppFx.Data.Dapper.Mysql.Test", "FluiTec.AppFx.Data.Dapper.Mysql.Test\FluiTec.AppFx.Data.Dapper.Mysql.Test.csproj", "{4DC1F039-3935-4DB7-B706-93281F8C07AB}"
EndProject
Project("{9A19103F-16F7-4668-BE54-9A1E7A4F7556}") = "FluiTec.AppFx.Data.LiteDb", "FluiTec.AppFx.Data.LiteDb\FluiTec.AppFx.Data.LiteDb.csproj", "{30B39ABE-11E0-4CBD-B543-6E2637B88E2E}"
EndProject
Project("{FAE04EC0-301F-11D3-BF4B-00C04F79EFBC}") = "FluiTec.AppFx.Data.LiteDb.Editor", "FluiTec.AppFx.Data.LiteDb.Editor\FluiTec.AppFx.Data.LiteDb.Editor.csproj", "{2C0765E3-142F-408E-BE68-8556F8FCFCCE}"
EndProject
Project("{9A19103F-16F7-4668-BE54-9A1E7A4F7556}") = "FluiTec.AppFx.Data.LiteDb.Test", "FluiTec.AppFx.Data.LiteDb.Test\FluiTec.AppFx.Data.LiteDb.Test.csproj", "{7D13525B-0FDE-4176-8BC0-AC46024BEFD5}"
EndProject
Project("{9A19103F-16F7-4668-BE54-9A1E7A4F7556}") = "FluiTec.AppFx.Data.Dapper.SqLite", "FluiTec.AppFx.Data.Dapper.SqLite\FluiTec.AppFx.Data.Dapper.SqLite.csproj", "{E8752A73-A574-40A2-BD25-FDFE5C9F8A86}"
EndProject
Project("{9A19103F-16F7-4668-BE54-9A1E7A4F7556}") = "FluiTec.AppFx.Data.Dapper.SqLite.Test", "FluiTec.AppFx.Data.Dapper.SqLite.Test\FluiTec.AppFx.Data.Dapper.SqLite.Test.csproj", "{9528A3B2-6B4C-458C-B629-1AF8C0C4336E}"
EndProject
Project("{9A19103F-16F7-4668-BE54-9A1E7A4F7556}") = "FluiTec.AppFx.Data.Sql", "FluiTec.AppFx.Data.Sql\FluiTec.AppFx.Data.Sql.csproj", "{9CF503B8-B1B5-4EE7-A245-5FCD87A5A6A9}"
EndProject
Project("{9A19103F-16F7-4668-BE54-9A1E7A4F7556}") = "FluiTec.AppFx.Data.Sql.Test", "FluiTec.AppFx.Data.Sql.Test\FluiTec.AppFx.Data.Sql.Test.csproj", "{405BF0DA-4603-4A27-950E-BBAE03A14F18}"
EndProject
Project("{9A19103F-16F7-4668-BE54-9A1E7A4F7556}") = "FluiTec.AppFx.Data.Test", "FluiTec.AppFx.Data.Test\FluiTec.AppFx.Data.Test.csproj", "{DD9BAEB9-B163-453E-8EF4-1DC714DFD386}"
EndProject
Project("{9A19103F-16F7-4668-BE54-9A1E7A4F7556}") = "FluiTec.AppFx.UnitTesting.Helper", "FluiTec.AppFx.UnitTesting.Helper\FluiTec.AppFx.UnitTesting.Helper.csproj", "{EB8598A1-824A-49C8-8E95-B37DADB26B40}"
EndProject
Project("{2150E333-8FDC-42A3-9474-1A3956D46DE8}") = "Dapper", "Dapper", "{F5E47B64-3EC4-4FF2-8D88-CB581BCBF7C9}"
EndProject
Project("{2150E333-8FDC-42A3-9474-1A3956D46DE8}") = "LiteDb", "LiteDb", "{43C9ADAB-FFE5-4DFE-BB30-E24C251F74F7}"
EndProject
Project("{2150E333-8FDC-42A3-9474-1A3956D46DE8}") = "Mssql", "Mssql", "{964203EC-3D2B-480C-94BC-19E64BCB436D}"
EndProject
Project("{2150E333-8FDC-42A3-9474-1A3956D46DE8}") = "Mysql", "Mysql", "{E8D75B7D-7BEC-4F23-9600-D9D405DA8A91}"
EndProject
Project("{2150E333-8FDC-42A3-9474-1A3956D46DE8}") = "Pgsql", "Pgsql", "{FAEA2ED4-83D3-400E-A826-C33B1BC159D4}"
EndProject
Project("{2150E333-8FDC-42A3-9474-1A3956D46DE8}") = "Sqlite", "Sqlite", "{D27DE64C-C48E-425D-BCA6-A05D3C1C3F8F}"
EndProject
Project("{2150E333-8FDC-42A3-9474-1A3956D46DE8}") = "Sql", "Sql", "{36D08C0F-D802-42BD-80FC-3FF2B81A33EE}"
EndProject
Global
	GlobalSection(SolutionConfigurationPlatforms) = preSolution
		Debug|Any CPU = Debug|Any CPU
		Release|Any CPU = Release|Any CPU
	EndGlobalSection
	GlobalSection(ProjectConfigurationPlatforms) = postSolution
		{5E697D2D-C8C4-443F-90BA-8E7AA3CCE20C}.Debug|Any CPU.ActiveCfg = Debug|Any CPU
		{5E697D2D-C8C4-443F-90BA-8E7AA3CCE20C}.Debug|Any CPU.Build.0 = Debug|Any CPU
		{5E697D2D-C8C4-443F-90BA-8E7AA3CCE20C}.Release|Any CPU.ActiveCfg = Release|Any CPU
		{5E697D2D-C8C4-443F-90BA-8E7AA3CCE20C}.Release|Any CPU.Build.0 = Release|Any CPU
		{711E74A3-5541-4332-A2B6-55B7873D4888}.Debug|Any CPU.ActiveCfg = Debug|Any CPU
		{711E74A3-5541-4332-A2B6-55B7873D4888}.Debug|Any CPU.Build.0 = Debug|Any CPU
		{711E74A3-5541-4332-A2B6-55B7873D4888}.Release|Any CPU.ActiveCfg = Release|Any CPU
		{711E74A3-5541-4332-A2B6-55B7873D4888}.Release|Any CPU.Build.0 = Release|Any CPU
		{6AE8C4E8-B692-4E9E-AD5F-79336369D75C}.Debug|Any CPU.ActiveCfg = Debug|Any CPU
		{6AE8C4E8-B692-4E9E-AD5F-79336369D75C}.Debug|Any CPU.Build.0 = Debug|Any CPU
		{6AE8C4E8-B692-4E9E-AD5F-79336369D75C}.Release|Any CPU.ActiveCfg = Release|Any CPU
		{6AE8C4E8-B692-4E9E-AD5F-79336369D75C}.Release|Any CPU.Build.0 = Release|Any CPU
		{A36A2CF9-F8F2-42EE-BCEE-C92A97886787}.Debug|Any CPU.ActiveCfg = Debug|Any CPU
		{A36A2CF9-F8F2-42EE-BCEE-C92A97886787}.Debug|Any CPU.Build.0 = Debug|Any CPU
		{A36A2CF9-F8F2-42EE-BCEE-C92A97886787}.Release|Any CPU.ActiveCfg = Release|Any CPU
		{A36A2CF9-F8F2-42EE-BCEE-C92A97886787}.Release|Any CPU.Build.0 = Release|Any CPU
		{FA73E0ED-41A5-4F04-B110-4BD08A7D89CF}.Debug|Any CPU.ActiveCfg = Debug|Any CPU
		{FA73E0ED-41A5-4F04-B110-4BD08A7D89CF}.Debug|Any CPU.Build.0 = Debug|Any CPU
		{FA73E0ED-41A5-4F04-B110-4BD08A7D89CF}.Release|Any CPU.ActiveCfg = Release|Any CPU
		{FA73E0ED-41A5-4F04-B110-4BD08A7D89CF}.Release|Any CPU.Build.0 = Release|Any CPU
		{93DC969B-25E3-43A0-AD31-AEAB44BABCD8}.Debug|Any CPU.ActiveCfg = Debug|Any CPU
		{93DC969B-25E3-43A0-AD31-AEAB44BABCD8}.Debug|Any CPU.Build.0 = Debug|Any CPU
		{93DC969B-25E3-43A0-AD31-AEAB44BABCD8}.Release|Any CPU.ActiveCfg = Release|Any CPU
		{93DC969B-25E3-43A0-AD31-AEAB44BABCD8}.Release|Any CPU.Build.0 = Release|Any CPU
		{19F6CAEA-A187-4C1C-841A-6A95B200466A}.Debug|Any CPU.ActiveCfg = Debug|Any CPU
		{19F6CAEA-A187-4C1C-841A-6A95B200466A}.Debug|Any CPU.Build.0 = Debug|Any CPU
		{19F6CAEA-A187-4C1C-841A-6A95B200466A}.Release|Any CPU.ActiveCfg = Release|Any CPU
		{19F6CAEA-A187-4C1C-841A-6A95B200466A}.Release|Any CPU.Build.0 = Release|Any CPU
		{4DC1F039-3935-4DB7-B706-93281F8C07AB}.Debug|Any CPU.ActiveCfg = Debug|Any CPU
		{4DC1F039-3935-4DB7-B706-93281F8C07AB}.Debug|Any CPU.Build.0 = Debug|Any CPU
		{4DC1F039-3935-4DB7-B706-93281F8C07AB}.Release|Any CPU.ActiveCfg = Release|Any CPU
		{4DC1F039-3935-4DB7-B706-93281F8C07AB}.Release|Any CPU.Build.0 = Release|Any CPU
		{30B39ABE-11E0-4CBD-B543-6E2637B88E2E}.Debug|Any CPU.ActiveCfg = Debug|Any CPU
		{30B39ABE-11E0-4CBD-B543-6E2637B88E2E}.Debug|Any CPU.Build.0 = Debug|Any CPU
		{30B39ABE-11E0-4CBD-B543-6E2637B88E2E}.Release|Any CPU.ActiveCfg = Release|Any CPU
		{30B39ABE-11E0-4CBD-B543-6E2637B88E2E}.Release|Any CPU.Build.0 = Release|Any CPU
		{2C0765E3-142F-408E-BE68-8556F8FCFCCE}.Debug|Any CPU.ActiveCfg = Debug|Any CPU
		{2C0765E3-142F-408E-BE68-8556F8FCFCCE}.Debug|Any CPU.Build.0 = Debug|Any CPU
		{2C0765E3-142F-408E-BE68-8556F8FCFCCE}.Release|Any CPU.ActiveCfg = Release|Any CPU
		{2C0765E3-142F-408E-BE68-8556F8FCFCCE}.Release|Any CPU.Build.0 = Release|Any CPU
		{7D13525B-0FDE-4176-8BC0-AC46024BEFD5}.Debug|Any CPU.ActiveCfg = Debug|Any CPU
		{7D13525B-0FDE-4176-8BC0-AC46024BEFD5}.Debug|Any CPU.Build.0 = Debug|Any CPU
		{7D13525B-0FDE-4176-8BC0-AC46024BEFD5}.Release|Any CPU.ActiveCfg = Release|Any CPU
		{7D13525B-0FDE-4176-8BC0-AC46024BEFD5}.Release|Any CPU.Build.0 = Release|Any CPU
		{E8752A73-A574-40A2-BD25-FDFE5C9F8A86}.Debug|Any CPU.ActiveCfg = Debug|Any CPU
		{E8752A73-A574-40A2-BD25-FDFE5C9F8A86}.Debug|Any CPU.Build.0 = Debug|Any CPU
		{E8752A73-A574-40A2-BD25-FDFE5C9F8A86}.Release|Any CPU.ActiveCfg = Release|Any CPU
		{E8752A73-A574-40A2-BD25-FDFE5C9F8A86}.Release|Any CPU.Build.0 = Release|Any CPU
		{9528A3B2-6B4C-458C-B629-1AF8C0C4336E}.Debug|Any CPU.ActiveCfg = Debug|Any CPU
		{9528A3B2-6B4C-458C-B629-1AF8C0C4336E}.Debug|Any CPU.Build.0 = Debug|Any CPU
		{9528A3B2-6B4C-458C-B629-1AF8C0C4336E}.Release|Any CPU.ActiveCfg = Release|Any CPU
		{9528A3B2-6B4C-458C-B629-1AF8C0C4336E}.Release|Any CPU.Build.0 = Release|Any CPU
		{9CF503B8-B1B5-4EE7-A245-5FCD87A5A6A9}.Debug|Any CPU.ActiveCfg = Debug|Any CPU
		{9CF503B8-B1B5-4EE7-A245-5FCD87A5A6A9}.Debug|Any CPU.Build.0 = Debug|Any CPU
		{9CF503B8-B1B5-4EE7-A245-5FCD87A5A6A9}.Release|Any CPU.ActiveCfg = Release|Any CPU
		{9CF503B8-B1B5-4EE7-A245-5FCD87A5A6A9}.Release|Any CPU.Build.0 = Release|Any CPU
		{405BF0DA-4603-4A27-950E-BBAE03A14F18}.Debug|Any CPU.ActiveCfg = Debug|Any CPU
		{405BF0DA-4603-4A27-950E-BBAE03A14F18}.Debug|Any CPU.Build.0 = Debug|Any CPU
		{405BF0DA-4603-4A27-950E-BBAE03A14F18}.Release|Any CPU.ActiveCfg = Release|Any CPU
		{405BF0DA-4603-4A27-950E-BBAE03A14F18}.Release|Any CPU.Build.0 = Release|Any CPU
		{DD9BAEB9-B163-453E-8EF4-1DC714DFD386}.Debug|Any CPU.ActiveCfg = Debug|Any CPU
		{DD9BAEB9-B163-453E-8EF4-1DC714DFD386}.Debug|Any CPU.Build.0 = Debug|Any CPU
		{DD9BAEB9-B163-453E-8EF4-1DC714DFD386}.Release|Any CPU.ActiveCfg = Release|Any CPU
		{DD9BAEB9-B163-453E-8EF4-1DC714DFD386}.Release|Any CPU.Build.0 = Release|Any CPU
		{EB8598A1-824A-49C8-8E95-B37DADB26B40}.Debug|Any CPU.ActiveCfg = Debug|Any CPU
		{EB8598A1-824A-49C8-8E95-B37DADB26B40}.Debug|Any CPU.Build.0 = Debug|Any CPU
		{EB8598A1-824A-49C8-8E95-B37DADB26B40}.Release|Any CPU.ActiveCfg = Release|Any CPU
		{EB8598A1-824A-49C8-8E95-B37DADB26B40}.Release|Any CPU.Build.0 = Release|Any CPU
	EndGlobalSection
	GlobalSection(SolutionProperties) = preSolution
		HideSolutionNode = FALSE
	EndGlobalSection
	GlobalSection(NestedProjects) = preSolution
		{711E74A3-5541-4332-A2B6-55B7873D4888} = {F5E47B64-3EC4-4FF2-8D88-CB581BCBF7C9}
		{6AE8C4E8-B692-4E9E-AD5F-79336369D75C} = {FAEA2ED4-83D3-400E-A826-C33B1BC159D4}
		{A36A2CF9-F8F2-42EE-BCEE-C92A97886787} = {FAEA2ED4-83D3-400E-A826-C33B1BC159D4}
		{FA73E0ED-41A5-4F04-B110-4BD08A7D89CF} = {964203EC-3D2B-480C-94BC-19E64BCB436D}
		{93DC969B-25E3-43A0-AD31-AEAB44BABCD8} = {964203EC-3D2B-480C-94BC-19E64BCB436D}
		{19F6CAEA-A187-4C1C-841A-6A95B200466A} = {E8D75B7D-7BEC-4F23-9600-D9D405DA8A91}
		{4DC1F039-3935-4DB7-B706-93281F8C07AB} = {E8D75B7D-7BEC-4F23-9600-D9D405DA8A91}
		{30B39ABE-11E0-4CBD-B543-6E2637B88E2E} = {43C9ADAB-FFE5-4DFE-BB30-E24C251F74F7}
		{2C0765E3-142F-408E-BE68-8556F8FCFCCE} = {43C9ADAB-FFE5-4DFE-BB30-E24C251F74F7}
		{7D13525B-0FDE-4176-8BC0-AC46024BEFD5} = {43C9ADAB-FFE5-4DFE-BB30-E24C251F74F7}
		{E8752A73-A574-40A2-BD25-FDFE5C9F8A86} = {D27DE64C-C48E-425D-BCA6-A05D3C1C3F8F}
		{9528A3B2-6B4C-458C-B629-1AF8C0C4336E} = {D27DE64C-C48E-425D-BCA6-A05D3C1C3F8F}
		{9CF503B8-B1B5-4EE7-A245-5FCD87A5A6A9} = {36D08C0F-D802-42BD-80FC-3FF2B81A33EE}
		{405BF0DA-4603-4A27-950E-BBAE03A14F18} = {36D08C0F-D802-42BD-80FC-3FF2B81A33EE}
		{964203EC-3D2B-480C-94BC-19E64BCB436D} = {F5E47B64-3EC4-4FF2-8D88-CB581BCBF7C9}
		{E8D75B7D-7BEC-4F23-9600-D9D405DA8A91} = {F5E47B64-3EC4-4FF2-8D88-CB581BCBF7C9}
		{FAEA2ED4-83D3-400E-A826-C33B1BC159D4} = {F5E47B64-3EC4-4FF2-8D88-CB581BCBF7C9}
		{D27DE64C-C48E-425D-BCA6-A05D3C1C3F8F} = {F5E47B64-3EC4-4FF2-8D88-CB581BCBF7C9}
	EndGlobalSection
	GlobalSection(ExtensibilityGlobals) = postSolution
		SolutionGuid = {08C105A6-F4B7-4298-8A40-EE8EBD7E1B0F}
	EndGlobalSection
EndGlobal
